// !$*UTF8*$!
{
	archiveVersion = 1;
	classes = {
	};
	objectVersion = 46;
	objects = {

/* Begin PBXBuildFile section */
		9B19AEEF1C910FF900056763 /* head.png in Resources */ = {isa = PBXBuildFile; fileRef = 9B19AEEE1C910FF900056763 /* head.png */; };
		9B19AEF51C911D6300056763 /* NewMassageTableViewCell.m in Sources */ = {isa = PBXBuildFile; fileRef = 9B19AEF31C911D6300056763 /* NewMassageTableViewCell.m */; };
		9B19AEF61C911D6300056763 /* NewMassageTableViewCell.xib in Resources */ = {isa = PBXBuildFile; fileRef = 9B19AEF41C911D6300056763 /* NewMassageTableViewCell.xib */; };
		9B19AEFD1C91233C00056763 /* ChatMassageService.m in Sources */ = {isa = PBXBuildFile; fileRef = 9B19AEFC1C91233C00056763 /* ChatMassageService.m */; };
		9B19AF041C91239000056763 /* BaseService.m in Sources */ = {isa = PBXBuildFile; fileRef = 9B19AEFF1C91239000056763 /* BaseService.m */; };
		9B19AF051C91239000056763 /* BaseTabBarViewController.m in Sources */ = {isa = PBXBuildFile; fileRef = 9B19AF011C91239000056763 /* BaseTabBarViewController.m */; };
		9B19AF061C91239000056763 /* BaseViewController.m in Sources */ = {isa = PBXBuildFile; fileRef = 9B19AF031C91239000056763 /* BaseViewController.m */; };
		9B19AF0B1C91654800056763 /* NewMassageModel.m in Sources */ = {isa = PBXBuildFile; fileRef = 9B19AF0A1C91654800056763 /* NewMassageModel.m */; };
		9B6BCC891C95324D00A53707 /* MJRefreshAutoFooter.m in Sources */ = {isa = PBXBuildFile; fileRef = 9B6BCC5F1C95324D00A53707 /* MJRefreshAutoFooter.m */; };
		9B6BCC8A1C95324D00A53707 /* MJRefreshBackFooter.m in Sources */ = {isa = PBXBuildFile; fileRef = 9B6BCC611C95324D00A53707 /* MJRefreshBackFooter.m */; };
		9B6BCC8B1C95324D00A53707 /* MJRefreshComponent.m in Sources */ = {isa = PBXBuildFile; fileRef = 9B6BCC631C95324D00A53707 /* MJRefreshComponent.m */; };
		9B6BCC8C1C95324D00A53707 /* MJRefreshFooter.m in Sources */ = {isa = PBXBuildFile; fileRef = 9B6BCC651C95324D00A53707 /* MJRefreshFooter.m */; };
		9B6BCC8D1C95324D00A53707 /* MJRefreshHeader.m in Sources */ = {isa = PBXBuildFile; fileRef = 9B6BCC671C95324D00A53707 /* MJRefreshHeader.m */; };
		9B6BCC8E1C95324D00A53707 /* MJRefreshAutoGifFooter.m in Sources */ = {isa = PBXBuildFile; fileRef = 9B6BCC6C1C95324D00A53707 /* MJRefreshAutoGifFooter.m */; };
		9B6BCC8F1C95324D00A53707 /* MJRefreshAutoNormalFooter.m in Sources */ = {isa = PBXBuildFile; fileRef = 9B6BCC6E1C95324D00A53707 /* MJRefreshAutoNormalFooter.m */; };
		9B6BCC901C95324D00A53707 /* MJRefreshAutoStateFooter.m in Sources */ = {isa = PBXBuildFile; fileRef = 9B6BCC701C95324D00A53707 /* MJRefreshAutoStateFooter.m */; };
		9B6BCC911C95324D00A53707 /* MJRefreshBackGifFooter.m in Sources */ = {isa = PBXBuildFile; fileRef = 9B6BCC731C95324D00A53707 /* MJRefreshBackGifFooter.m */; };
		9B6BCC921C95324D00A53707 /* MJRefreshBackNormalFooter.m in Sources */ = {isa = PBXBuildFile; fileRef = 9B6BCC751C95324D00A53707 /* MJRefreshBackNormalFooter.m */; };
		9B6BCC931C95324D00A53707 /* MJRefreshBackStateFooter.m in Sources */ = {isa = PBXBuildFile; fileRef = 9B6BCC771C95324D00A53707 /* MJRefreshBackStateFooter.m */; };
		9B6BCC941C95324D00A53707 /* MJRefreshGifHeader.m in Sources */ = {isa = PBXBuildFile; fileRef = 9B6BCC7A1C95324D00A53707 /* MJRefreshGifHeader.m */; };
		9B6BCC951C95324D00A53707 /* MJRefreshNormalHeader.m in Sources */ = {isa = PBXBuildFile; fileRef = 9B6BCC7C1C95324D00A53707 /* MJRefreshNormalHeader.m */; };
		9B6BCC961C95324D00A53707 /* MJRefreshStateHeader.m in Sources */ = {isa = PBXBuildFile; fileRef = 9B6BCC7E1C95324D00A53707 /* MJRefreshStateHeader.m */; };
		9B6BCC971C95324D00A53707 /* MJRefresh.bundle in Resources */ = {isa = PBXBuildFile; fileRef = 9B6BCC7F1C95324D00A53707 /* MJRefresh.bundle */; };
		9B6BCC981C95324D00A53707 /* MJRefreshConst.m in Sources */ = {isa = PBXBuildFile; fileRef = 9B6BCC821C95324D00A53707 /* MJRefreshConst.m */; };
		9B6BCC991C95324D00A53707 /* UIScrollView+MJExtension.m in Sources */ = {isa = PBXBuildFile; fileRef = 9B6BCC841C95324D00A53707 /* UIScrollView+MJExtension.m */; };
		9B6BCC9A1C95324D00A53707 /* UIScrollView+MJRefresh.m in Sources */ = {isa = PBXBuildFile; fileRef = 9B6BCC861C95324D00A53707 /* UIScrollView+MJRefresh.m */; };
		9B6BCC9B1C95324D00A53707 /* UIView+MJExtension.m in Sources */ = {isa = PBXBuildFile; fileRef = 9B6BCC881C95324D00A53707 /* UIView+MJExtension.m */; };
		9B6BCCA91C95326B00A53707 /* FMDatabase.m in Sources */ = {isa = PBXBuildFile; fileRef = 9B6BCC9E1C95326B00A53707 /* FMDatabase.m */; };
		9B6BCCAA1C95326B00A53707 /* FMDatabaseAdditions.m in Sources */ = {isa = PBXBuildFile; fileRef = 9B6BCCA01C95326B00A53707 /* FMDatabaseAdditions.m */; };
		9B6BCCAB1C95326B00A53707 /* FMDatabasePool.m in Sources */ = {isa = PBXBuildFile; fileRef = 9B6BCCA21C95326B00A53707 /* FMDatabasePool.m */; };
		9B6BCCAC1C95326B00A53707 /* FMDatabaseQueue.m in Sources */ = {isa = PBXBuildFile; fileRef = 9B6BCCA41C95326B00A53707 /* FMDatabaseQueue.m */; };
		9B6BCCAD1C95326B00A53707 /* FMResultSet.m in Sources */ = {isa = PBXBuildFile; fileRef = 9B6BCCA71C95326B00A53707 /* FMResultSet.m */; };
		9B6BCCAE1C95326B00A53707 /* Info.plist in Resources */ = {isa = PBXBuildFile; fileRef = 9B6BCCA81C95326B00A53707 /* Info.plist */; };
		9B6BCCB01C95329100A53707 /* libsqlite3.dylib in Frameworks */ = {isa = PBXBuildFile; fileRef = 9B6BCCAF1C95329100A53707 /* libsqlite3.dylib */; };
		9B6BCD2B1C969F3200A53707 /* Main.storyboard in Resources */ = {isa = PBXBuildFile; fileRef = 9B6BCD291C969F3200A53707 /* Main.storyboard */; };
		9B6BCD2F1C96AC2D00A53707 /* DBHelp.m in Sources */ = {isa = PBXBuildFile; fileRef = 9B6BCD2E1C96AC2D00A53707 /* DBHelp.m */; };
		9B6BCD361C97053F00A53707 /* CICQAuthor.m in Sources */ = {isa = PBXBuildFile; fileRef = 9B6BCD311C97053F00A53707 /* CICQAuthor.m */; };
		9B6BCD371C97053F00A53707 /* CICQCategory.m in Sources */ = {isa = PBXBuildFile; fileRef = 9B6BCD331C97053F00A53707 /* CICQCategory.m */; };
		9B6BCD381C97053F00A53707 /* CICQUserGroupModel.m in Sources */ = {isa = PBXBuildFile; fileRef = 9B6BCD351C97053F00A53707 /* CICQUserGroupModel.m */; };
		9B963CEB1C905E2200A39A5F /* main.m in Sources */ = {isa = PBXBuildFile; fileRef = 9B963CEA1C905E2200A39A5F /* main.m */; };
		9B963CEE1C905E2200A39A5F /* AppDelegate.m in Sources */ = {isa = PBXBuildFile; fileRef = 9B963CED1C905E2200A39A5F /* AppDelegate.m */; };
		9B963CF61C905E2200A39A5F /* Assets.xcassets in Resources */ = {isa = PBXBuildFile; fileRef = 9B963CF51C905E2200A39A5F /* Assets.xcassets */; };
		9B963CF91C905E2200A39A5F /* LaunchScreen.storyboard in Resources */ = {isa = PBXBuildFile; fileRef = 9B963CF71C905E2200A39A5F /* LaunchScreen.storyboard */; };
		9B963D041C905E2200A39A5F /* CICQTests.m in Sources */ = {isa = PBXBuildFile; fileRef = 9B963D031C905E2200A39A5F /* CICQTests.m */; };
		9B963D0F1C905E2200A39A5F /* CICQUITests.m in Sources */ = {isa = PBXBuildFile; fileRef = 9B963D0E1C905E2200A39A5F /* CICQUITests.m */; };
		9B963D431C9060E300A39A5F /* ContactsViewController.m in Sources */ = {isa = PBXBuildFile; fileRef = 9B963D421C9060E300A39A5F /* ContactsViewController.m */; };
		9B963D461C9060F500A39A5F /* DynamicViewController.m in Sources */ = {isa = PBXBuildFile; fileRef = 9B963D451C9060F500A39A5F /* DynamicViewController.m */; };
		9B963D491C90610400A39A5F /* MassagesViewController.m in Sources */ = {isa = PBXBuildFile; fileRef = 9B963D481C90610400A39A5F /* MassagesViewController.m */; };
		9BB704451C91A9110000DD07 /* PhoneTableViewCell.m in Sources */ = {isa = PBXBuildFile; fileRef = 9BB704431C91A9110000DD07 /* PhoneTableViewCell.m */; };
		9BB704461C91A9110000DD07 /* PhoneTableViewCell.xib in Resources */ = {isa = PBXBuildFile; fileRef = 9BB704441C91A9110000DD07 /* PhoneTableViewCell.xib */; };
		9BB704521C91D0F40000DD07 /* 1.jpg in Resources */ = {isa = PBXBuildFile; fileRef = 9BB704481C91D0F40000DD07 /* 1.jpg */; };
		9BB704531C91D0F40000DD07 /* 2.jpg in Resources */ = {isa = PBXBuildFile; fileRef = 9BB704491C91D0F40000DD07 /* 2.jpg */; };
		9BB704541C91D0F40000DD07 /* 3.jpg in Resources */ = {isa = PBXBuildFile; fileRef = 9BB7044A1C91D0F40000DD07 /* 3.jpg */; };
		9BB704551C91D0F40000DD07 /* 4.jpg in Resources */ = {isa = PBXBuildFile; fileRef = 9BB7044B1C91D0F40000DD07 /* 4.jpg */; };
		9BB704561C91D0F40000DD07 /* 5.jpg in Resources */ = {isa = PBXBuildFile; fileRef = 9BB7044C1C91D0F40000DD07 /* 5.jpg */; };
		9BB704571C91D0F40000DD07 /* 6.jpg in Resources */ = {isa = PBXBuildFile; fileRef = 9BB7044D1C91D0F40000DD07 /* 6.jpg */; };
		9BB704581C91D0F40000DD07 /* 7.jpg in Resources */ = {isa = PBXBuildFile; fileRef = 9BB7044E1C91D0F40000DD07 /* 7.jpg */; };
		9BB704591C91D0F40000DD07 /* 8.jpg in Resources */ = {isa = PBXBuildFile; fileRef = 9BB7044F1C91D0F40000DD07 /* 8.jpg */; };
		9BB7045A1C91D0F40000DD07 /* 9.jpg in Resources */ = {isa = PBXBuildFile; fileRef = 9BB704501C91D0F40000DD07 /* 9.jpg */; };
		9BB7045B1C91D0F40000DD07 /* 10.jpg in Resources */ = {isa = PBXBuildFile; fileRef = 9BB704511C91D0F40000DD07 /* 10.jpg */; };
		9BB7045E1C926DDF0000DD07 /* CICQHTTPRequest.m in Sources */ = {isa = PBXBuildFile; fileRef = 9BB7045D1C926DDF0000DD07 /* CICQHTTPRequest.m */; };
		9BB704741C928CBC0000DD07 /* AFHTTPRequestOperation.m in Sources */ = {isa = PBXBuildFile; fileRef = 9BB704621C928CBC0000DD07 /* AFHTTPRequestOperation.m */; };
		9BB704751C928CBC0000DD07 /* AFHTTPRequestOperationManager.m in Sources */ = {isa = PBXBuildFile; fileRef = 9BB704641C928CBC0000DD07 /* AFHTTPRequestOperationManager.m */; };
		9BB704761C928CBC0000DD07 /* AFHTTPSessionManager.m in Sources */ = {isa = PBXBuildFile; fileRef = 9BB704661C928CBC0000DD07 /* AFHTTPSessionManager.m */; };
		9BB704771C928CBC0000DD07 /* AFNetworkReachabilityManager.m in Sources */ = {isa = PBXBuildFile; fileRef = 9BB704691C928CBC0000DD07 /* AFNetworkReachabilityManager.m */; };
		9BB704781C928CBC0000DD07 /* AFSecurityPolicy.m in Sources */ = {isa = PBXBuildFile; fileRef = 9BB7046B1C928CBC0000DD07 /* AFSecurityPolicy.m */; };
		9BB704791C928CBC0000DD07 /* AFURLConnectionOperation.m in Sources */ = {isa = PBXBuildFile; fileRef = 9BB7046D1C928CBC0000DD07 /* AFURLConnectionOperation.m */; };
		9BB7047A1C928CBC0000DD07 /* AFURLRequestSerialization.m in Sources */ = {isa = PBXBuildFile; fileRef = 9BB7046F1C928CBC0000DD07 /* AFURLRequestSerialization.m */; };
		9BB7047B1C928CBC0000DD07 /* AFURLResponseSerialization.m in Sources */ = {isa = PBXBuildFile; fileRef = 9BB704711C928CBC0000DD07 /* AFURLResponseSerialization.m */; };
		9BB7047C1C928CBC0000DD07 /* AFURLSessionManager.m in Sources */ = {isa = PBXBuildFile; fileRef = 9BB704731C928CBC0000DD07 /* AFURLSessionManager.m */; };
		9BB704891C93D18C0000DD07 /* ContactsTableViewCell.m in Sources */ = {isa = PBXBuildFile; fileRef = 9BB704871C93D18C0000DD07 /* ContactsTableViewCell.m */; };
		9BB7048A1C93D18C0000DD07 /* ContactsTableViewCell.xib in Resources */ = {isa = PBXBuildFile; fileRef = 9BB704881C93D18C0000DD07 /* ContactsTableViewCell.xib */; };
		9BB7048E1C93E0EF0000DD07 /* ContactsHeaderTableViewCell.m in Sources */ = {isa = PBXBuildFile; fileRef = 9BB7048C1C93E0EF0000DD07 /* ContactsHeaderTableViewCell.m */; };
		9BB704E71C94230A0000DD07 /* MKAnnotationView+WebCache.m in Sources */ = {isa = PBXBuildFile; fileRef = 9BB704C71C94230A0000DD07 /* MKAnnotationView+WebCache.m */; };
		9BB704E81C94230A0000DD07 /* NSData+ImageContentType.m in Sources */ = {isa = PBXBuildFile; fileRef = 9BB704C91C94230A0000DD07 /* NSData+ImageContentType.m */; };
		9BB704E91C94230A0000DD07 /* SDImageCache.m in Sources */ = {isa = PBXBuildFile; fileRef = 9BB704CB1C94230A0000DD07 /* SDImageCache.m */; };
		9BB704EA1C94230A0000DD07 /* SDWebImageCompat.m in Sources */ = {isa = PBXBuildFile; fileRef = 9BB704CD1C94230A0000DD07 /* SDWebImageCompat.m */; };
		9BB704EB1C94230A0000DD07 /* SDWebImageDecoder.m in Sources */ = {isa = PBXBuildFile; fileRef = 9BB704CF1C94230A0000DD07 /* SDWebImageDecoder.m */; };
		9BB704EC1C94230A0000DD07 /* SDWebImageDownloader.m in Sources */ = {isa = PBXBuildFile; fileRef = 9BB704D11C94230A0000DD07 /* SDWebImageDownloader.m */; };
		9BB704ED1C94230A0000DD07 /* SDWebImageDownloaderOperation.m in Sources */ = {isa = PBXBuildFile; fileRef = 9BB704D31C94230A0000DD07 /* SDWebImageDownloaderOperation.m */; };
		9BB704EE1C94230A0000DD07 /* SDWebImageManager.m in Sources */ = {isa = PBXBuildFile; fileRef = 9BB704D51C94230A0000DD07 /* SDWebImageManager.m */; };
		9BB704EF1C94230A0000DD07 /* SDWebImagePrefetcher.m in Sources */ = {isa = PBXBuildFile; fileRef = 9BB704D81C94230A0000DD07 /* SDWebImagePrefetcher.m */; };
		9BB704F01C94230A0000DD07 /* UIButton+WebCache.m in Sources */ = {isa = PBXBuildFile; fileRef = 9BB704DA1C94230A0000DD07 /* UIButton+WebCache.m */; };
		9BB704F11C94230A0000DD07 /* UIImage+GIF.m in Sources */ = {isa = PBXBuildFile; fileRef = 9BB704DC1C94230A0000DD07 /* UIImage+GIF.m */; };
		9BB704F21C94230A0000DD07 /* UIImage+MultiFormat.m in Sources */ = {isa = PBXBuildFile; fileRef = 9BB704DE1C94230A0000DD07 /* UIImage+MultiFormat.m */; };
		9BB704F31C94230A0000DD07 /* UIImage+WebP.m in Sources */ = {isa = PBXBuildFile; fileRef = 9BB704E01C94230A0000DD07 /* UIImage+WebP.m */; };
		9BB704F41C94230A0000DD07 /* UIImageView+HighlightedWebCache.m in Sources */ = {isa = PBXBuildFile; fileRef = 9BB704E21C94230A0000DD07 /* UIImageView+HighlightedWebCache.m */; };
		9BB704F51C94230A0000DD07 /* UIImageView+WebCache.m in Sources */ = {isa = PBXBuildFile; fileRef = 9BB704E41C94230A0000DD07 /* UIImageView+WebCache.m */; };
		9BB704F61C94230A0000DD07 /* UIView+WebCacheOperation.m in Sources */ = {isa = PBXBuildFile; fileRef = 9BB704E61C94230A0000DD07 /* UIView+WebCacheOperation.m */; };
		9BB704F81C9423A50000DD07 /* 12322.png in Resources */ = {isa = PBXBuildFile; fileRef = 9BB704F71C9423A50000DD07 /* 12322.png */; };
		9BDA03C71C97AF0300C95FB7 /* FirstStartApp.m in Sources */ = {isa = PBXBuildFile; fileRef = 9BDA03C61C97AF0300C95FB7 /* FirstStartApp.m */; };
/* End PBXBuildFile section */

/* Begin PBXContainerItemProxy section */
		9B963D001C905E2200A39A5F /* PBXContainerItemProxy */ = {
			isa = PBXContainerItemProxy;
			containerPortal = 9B963CDE1C905E2100A39A5F /* Project object */;
			proxyType = 1;
			remoteGlobalIDString = 9B963CE51C905E2200A39A5F;
			remoteInfo = CICQ;
		};
		9B963D0B1C905E2200A39A5F /* PBXContainerItemProxy */ = {
			isa = PBXContainerItemProxy;
			containerPortal = 9B963CDE1C905E2100A39A5F /* Project object */;
			proxyType = 1;
			remoteGlobalIDString = 9B963CE51C905E2200A39A5F;
			remoteInfo = CICQ;
		};
/* End PBXContainerItemProxy section */

/* Begin PBXFileReference section */
		9B19AEEE1C910FF900056763 /* head.png */ = {isa = PBXFileReference; lastKnownFileType = image.png; name = head.png; path = ../../head.png; sourceTree = "<group>"; };
		9B19AEF21C911D6300056763 /* NewMassageTableViewCell.h */ = {isa = PBXFileReference; fileEncoding = 4; lastKnownFileType = sourcecode.c.h; path = NewMassageTableViewCell.h; sourceTree = "<group>"; };
		9B19AEF31C911D6300056763 /* NewMassageTableViewCell.m */ = {isa = PBXFileReference; fileEncoding = 4; lastKnownFileType = sourcecode.c.objc; path = NewMassageTableViewCell.m; sourceTree = "<group>"; };
		9B19AEF41C911D6300056763 /* NewMassageTableViewCell.xib */ = {isa = PBXFileReference; fileEncoding = 4; lastKnownFileType = file.xib; path = NewMassageTableViewCell.xib; sourceTree = "<group>"; };
		9B19AEFB1C91233C00056763 /* ChatMassageService.h */ = {isa = PBXFileReference; fileEncoding = 4; lastKnownFileType = sourcecode.c.h; path = ChatMassageService.h; sourceTree = "<group>"; };
		9B19AEFC1C91233C00056763 /* ChatMassageService.m */ = {isa = PBXFileReference; fileEncoding = 4; lastKnownFileType = sourcecode.c.objc; path = ChatMassageService.m; sourceTree = "<group>"; };
		9B19AEFE1C91239000056763 /* BaseService.h */ = {isa = PBXFileReference; fileEncoding = 4; lastKnownFileType = sourcecode.c.h; path = BaseService.h; sourceTree = "<group>"; };
		9B19AEFF1C91239000056763 /* BaseService.m */ = {isa = PBXFileReference; fileEncoding = 4; lastKnownFileType = sourcecode.c.objc; path = BaseService.m; sourceTree = "<group>"; };
		9B19AF001C91239000056763 /* BaseTabBarViewController.h */ = {isa = PBXFileReference; fileEncoding = 4; lastKnownFileType = sourcecode.c.h; path = BaseTabBarViewController.h; sourceTree = "<group>"; };
		9B19AF011C91239000056763 /* BaseTabBarViewController.m */ = {isa = PBXFileReference; fileEncoding = 4; lastKnownFileType = sourcecode.c.objc; path = BaseTabBarViewController.m; sourceTree = "<group>"; };
		9B19AF021C91239000056763 /* BaseViewController.h */ = {isa = PBXFileReference; fileEncoding = 4; lastKnownFileType = sourcecode.c.h; path = BaseViewController.h; sourceTree = "<group>"; };
		9B19AF031C91239000056763 /* BaseViewController.m */ = {isa = PBXFileReference; fileEncoding = 4; lastKnownFileType = sourcecode.c.objc; path = BaseViewController.m; sourceTree = "<group>"; };
		9B19AF091C91654800056763 /* NewMassageModel.h */ = {isa = PBXFileReference; fileEncoding = 4; lastKnownFileType = sourcecode.c.h; path = NewMassageModel.h; sourceTree = "<group>"; };
		9B19AF0A1C91654800056763 /* NewMassageModel.m */ = {isa = PBXFileReference; fileEncoding = 4; lastKnownFileType = sourcecode.c.objc; path = NewMassageModel.m; sourceTree = "<group>"; };
		9B6BCC5E1C95324D00A53707 /* MJRefreshAutoFooter.h */ = {isa = PBXFileReference; fileEncoding = 4; lastKnownFileType = sourcecode.c.h; path = MJRefreshAutoFooter.h; sourceTree = "<group>"; };
		9B6BCC5F1C95324D00A53707 /* MJRefreshAutoFooter.m */ = {isa = PBXFileReference; fileEncoding = 4; lastKnownFileType = sourcecode.c.objc; path = MJRefreshAutoFooter.m; sourceTree = "<group>"; };
		9B6BCC601C95324D00A53707 /* MJRefreshBackFooter.h */ = {isa = PBXFileReference; fileEncoding = 4; lastKnownFileType = sourcecode.c.h; path = MJRefreshBackFooter.h; sourceTree = "<group>"; };
		9B6BCC611C95324D00A53707 /* MJRefreshBackFooter.m */ = {isa = PBXFileReference; fileEncoding = 4; lastKnownFileType = sourcecode.c.objc; path = MJRefreshBackFooter.m; sourceTree = "<group>"; };
		9B6BCC621C95324D00A53707 /* MJRefreshComponent.h */ = {isa = PBXFileReference; fileEncoding = 4; lastKnownFileType = sourcecode.c.h; path = MJRefreshComponent.h; sourceTree = "<group>"; };
		9B6BCC631C95324D00A53707 /* MJRefreshComponent.m */ = {isa = PBXFileReference; fileEncoding = 4; lastKnownFileType = sourcecode.c.objc; path = MJRefreshComponent.m; sourceTree = "<group>"; };
		9B6BCC641C95324D00A53707 /* MJRefreshFooter.h */ = {isa = PBXFileReference; fileEncoding = 4; lastKnownFileType = sourcecode.c.h; path = MJRefreshFooter.h; sourceTree = "<group>"; };
		9B6BCC651C95324D00A53707 /* MJRefreshFooter.m */ = {isa = PBXFileReference; fileEncoding = 4; lastKnownFileType = sourcecode.c.objc; path = MJRefreshFooter.m; sourceTree = "<group>"; };
		9B6BCC661C95324D00A53707 /* MJRefreshHeader.h */ = {isa = PBXFileReference; fileEncoding = 4; lastKnownFileType = sourcecode.c.h; path = MJRefreshHeader.h; sourceTree = "<group>"; };
		9B6BCC671C95324D00A53707 /* MJRefreshHeader.m */ = {isa = PBXFileReference; fileEncoding = 4; lastKnownFileType = sourcecode.c.objc; path = MJRefreshHeader.m; sourceTree = "<group>"; };
		9B6BCC6B1C95324D00A53707 /* MJRefreshAutoGifFooter.h */ = {isa = PBXFileReference; fileEncoding = 4; lastKnownFileType = sourcecode.c.h; path = MJRefreshAutoGifFooter.h; sourceTree = "<group>"; };
		9B6BCC6C1C95324D00A53707 /* MJRefreshAutoGifFooter.m */ = {isa = PBXFileReference; fileEncoding = 4; lastKnownFileType = sourcecode.c.objc; path = MJRefreshAutoGifFooter.m; sourceTree = "<group>"; };
		9B6BCC6D1C95324D00A53707 /* MJRefreshAutoNormalFooter.h */ = {isa = PBXFileReference; fileEncoding = 4; lastKnownFileType = sourcecode.c.h; path = MJRefreshAutoNormalFooter.h; sourceTree = "<group>"; };
		9B6BCC6E1C95324D00A53707 /* MJRefreshAutoNormalFooter.m */ = {isa = PBXFileReference; fileEncoding = 4; lastKnownFileType = sourcecode.c.objc; path = MJRefreshAutoNormalFooter.m; sourceTree = "<group>"; };
		9B6BCC6F1C95324D00A53707 /* MJRefreshAutoStateFooter.h */ = {isa = PBXFileReference; fileEncoding = 4; lastKnownFileType = sourcecode.c.h; path = MJRefreshAutoStateFooter.h; sourceTree = "<group>"; };
		9B6BCC701C95324D00A53707 /* MJRefreshAutoStateFooter.m */ = {isa = PBXFileReference; fileEncoding = 4; lastKnownFileType = sourcecode.c.objc; path = MJRefreshAutoStateFooter.m; sourceTree = "<group>"; };
		9B6BCC721C95324D00A53707 /* MJRefreshBackGifFooter.h */ = {isa = PBXFileReference; fileEncoding = 4; lastKnownFileType = sourcecode.c.h; path = MJRefreshBackGifFooter.h; sourceTree = "<group>"; };
		9B6BCC731C95324D00A53707 /* MJRefreshBackGifFooter.m */ = {isa = PBXFileReference; fileEncoding = 4; lastKnownFileType = sourcecode.c.objc; path = MJRefreshBackGifFooter.m; sourceTree = "<group>"; };
		9B6BCC741C95324D00A53707 /* MJRefreshBackNormalFooter.h */ = {isa = PBXFileReference; fileEncoding = 4; lastKnownFileType = sourcecode.c.h; path = MJRefreshBackNormalFooter.h; sourceTree = "<group>"; };
		9B6BCC751C95324D00A53707 /* MJRefreshBackNormalFooter.m */ = {isa = PBXFileReference; fileEncoding = 4; lastKnownFileType = sourcecode.c.objc; path = MJRefreshBackNormalFooter.m; sourceTree = "<group>"; };
		9B6BCC761C95324D00A53707 /* MJRefreshBackStateFooter.h */ = {isa = PBXFileReference; fileEncoding = 4; lastKnownFileType = sourcecode.c.h; path = MJRefreshBackStateFooter.h; sourceTree = "<group>"; };
		9B6BCC771C95324D00A53707 /* MJRefreshBackStateFooter.m */ = {isa = PBXFileReference; fileEncoding = 4; lastKnownFileType = sourcecode.c.objc; path = MJRefreshBackStateFooter.m; sourceTree = "<group>"; };
		9B6BCC791C95324D00A53707 /* MJRefreshGifHeader.h */ = {isa = PBXFileReference; fileEncoding = 4; lastKnownFileType = sourcecode.c.h; path = MJRefreshGifHeader.h; sourceTree = "<group>"; };
		9B6BCC7A1C95324D00A53707 /* MJRefreshGifHeader.m */ = {isa = PBXFileReference; fileEncoding = 4; lastKnownFileType = sourcecode.c.objc; path = MJRefreshGifHeader.m; sourceTree = "<group>"; };
		9B6BCC7B1C95324D00A53707 /* MJRefreshNormalHeader.h */ = {isa = PBXFileReference; fileEncoding = 4; lastKnownFileType = sourcecode.c.h; path = MJRefreshNormalHeader.h; sourceTree = "<group>"; };
		9B6BCC7C1C95324D00A53707 /* MJRefreshNormalHeader.m */ = {isa = PBXFileReference; fileEncoding = 4; lastKnownFileType = sourcecode.c.objc; path = MJRefreshNormalHeader.m; sourceTree = "<group>"; };
		9B6BCC7D1C95324D00A53707 /* MJRefreshStateHeader.h */ = {isa = PBXFileReference; fileEncoding = 4; lastKnownFileType = sourcecode.c.h; path = MJRefreshStateHeader.h; sourceTree = "<group>"; };
		9B6BCC7E1C95324D00A53707 /* MJRefreshStateHeader.m */ = {isa = PBXFileReference; fileEncoding = 4; lastKnownFileType = sourcecode.c.objc; path = MJRefreshStateHeader.m; sourceTree = "<group>"; };
		9B6BCC7F1C95324D00A53707 /* MJRefresh.bundle */ = {isa = PBXFileReference; lastKnownFileType = "wrapper.plug-in"; path = MJRefresh.bundle; sourceTree = "<group>"; };
		9B6BCC801C95324D00A53707 /* MJRefresh.h */ = {isa = PBXFileReference; fileEncoding = 4; lastKnownFileType = sourcecode.c.h; path = MJRefresh.h; sourceTree = "<group>"; };
		9B6BCC811C95324D00A53707 /* MJRefreshConst.h */ = {isa = PBXFileReference; fileEncoding = 4; lastKnownFileType = sourcecode.c.h; path = MJRefreshConst.h; sourceTree = "<group>"; };
		9B6BCC821C95324D00A53707 /* MJRefreshConst.m */ = {isa = PBXFileReference; fileEncoding = 4; lastKnownFileType = sourcecode.c.objc; path = MJRefreshConst.m; sourceTree = "<group>"; };
		9B6BCC831C95324D00A53707 /* UIScrollView+MJExtension.h */ = {isa = PBXFileReference; fileEncoding = 4; lastKnownFileType = sourcecode.c.h; path = "UIScrollView+MJExtension.h"; sourceTree = "<group>"; };
		9B6BCC841C95324D00A53707 /* UIScrollView+MJExtension.m */ = {isa = PBXFileReference; fileEncoding = 4; lastKnownFileType = sourcecode.c.objc; path = "UIScrollView+MJExtension.m"; sourceTree = "<group>"; };
		9B6BCC851C95324D00A53707 /* UIScrollView+MJRefresh.h */ = {isa = PBXFileReference; fileEncoding = 4; lastKnownFileType = sourcecode.c.h; path = "UIScrollView+MJRefresh.h"; sourceTree = "<group>"; };
		9B6BCC861C95324D00A53707 /* UIScrollView+MJRefresh.m */ = {isa = PBXFileReference; fileEncoding = 4; lastKnownFileType = sourcecode.c.objc; path = "UIScrollView+MJRefresh.m"; sourceTree = "<group>"; };
		9B6BCC871C95324D00A53707 /* UIView+MJExtension.h */ = {isa = PBXFileReference; fileEncoding = 4; lastKnownFileType = sourcecode.c.h; path = "UIView+MJExtension.h"; sourceTree = "<group>"; };
		9B6BCC881C95324D00A53707 /* UIView+MJExtension.m */ = {isa = PBXFileReference; fileEncoding = 4; lastKnownFileType = sourcecode.c.objc; path = "UIView+MJExtension.m"; sourceTree = "<group>"; };
		9B6BCC9D1C95326B00A53707 /* FMDatabase.h */ = {isa = PBXFileReference; fileEncoding = 4; lastKnownFileType = sourcecode.c.h; path = FMDatabase.h; sourceTree = "<group>"; };
		9B6BCC9E1C95326B00A53707 /* FMDatabase.m */ = {isa = PBXFileReference; fileEncoding = 4; lastKnownFileType = sourcecode.c.objc; path = FMDatabase.m; sourceTree = "<group>"; };
		9B6BCC9F1C95326B00A53707 /* FMDatabaseAdditions.h */ = {isa = PBXFileReference; fileEncoding = 4; lastKnownFileType = sourcecode.c.h; path = FMDatabaseAdditions.h; sourceTree = "<group>"; };
		9B6BCCA01C95326B00A53707 /* FMDatabaseAdditions.m */ = {isa = PBXFileReference; fileEncoding = 4; lastKnownFileType = sourcecode.c.objc; path = FMDatabaseAdditions.m; sourceTree = "<group>"; };
		9B6BCCA11C95326B00A53707 /* FMDatabasePool.h */ = {isa = PBXFileReference; fileEncoding = 4; lastKnownFileType = sourcecode.c.h; path = FMDatabasePool.h; sourceTree = "<group>"; };
		9B6BCCA21C95326B00A53707 /* FMDatabasePool.m */ = {isa = PBXFileReference; fileEncoding = 4; lastKnownFileType = sourcecode.c.objc; path = FMDatabasePool.m; sourceTree = "<group>"; };
		9B6BCCA31C95326B00A53707 /* FMDatabaseQueue.h */ = {isa = PBXFileReference; fileEncoding = 4; lastKnownFileType = sourcecode.c.h; path = FMDatabaseQueue.h; sourceTree = "<group>"; };
		9B6BCCA41C95326B00A53707 /* FMDatabaseQueue.m */ = {isa = PBXFileReference; fileEncoding = 4; lastKnownFileType = sourcecode.c.objc; path = FMDatabaseQueue.m; sourceTree = "<group>"; };
		9B6BCCA51C95326B00A53707 /* FMDB.h */ = {isa = PBXFileReference; fileEncoding = 4; lastKnownFileType = sourcecode.c.h; path = FMDB.h; sourceTree = "<group>"; };
		9B6BCCA61C95326B00A53707 /* FMResultSet.h */ = {isa = PBXFileReference; fileEncoding = 4; lastKnownFileType = sourcecode.c.h; path = FMResultSet.h; sourceTree = "<group>"; };
		9B6BCCA71C95326B00A53707 /* FMResultSet.m */ = {isa = PBXFileReference; fileEncoding = 4; lastKnownFileType = sourcecode.c.objc; path = FMResultSet.m; sourceTree = "<group>"; };
		9B6BCCA81C95326B00A53707 /* Info.plist */ = {isa = PBXFileReference; fileEncoding = 4; lastKnownFileType = text.plist.xml; path = Info.plist; sourceTree = "<group>"; };
		9B6BCCAF1C95329100A53707 /* libsqlite3.dylib */ = {isa = PBXFileReference; lastKnownFileType = "compiled.mach-o.dylib"; name = libsqlite3.dylib; path = ../../../../../../usr/lib/libsqlite3.dylib; sourceTree = "<group>"; };
		9B6BCD2A1C969F3200A53707 /* Base */ = {isa = PBXFileReference; lastKnownFileType = file.storyboard; name = Base; path = Base.lproj/Main.storyboard; sourceTree = "<group>"; };
		9B6BCD2D1C96AC2D00A53707 /* DBHelp.h */ = {isa = PBXFileReference; fileEncoding = 4; lastKnownFileType = sourcecode.c.h; path = DBHelp.h; sourceTree = "<group>"; };
		9B6BCD2E1C96AC2D00A53707 /* DBHelp.m */ = {isa = PBXFileReference; fileEncoding = 4; lastKnownFileType = sourcecode.c.objc; path = DBHelp.m; sourceTree = "<group>"; };
		9B6BCD301C97053F00A53707 /* CICQAuthor.h */ = {isa = PBXFileReference; fileEncoding = 4; lastKnownFileType = sourcecode.c.h; path = CICQAuthor.h; sourceTree = "<group>"; };
		9B6BCD311C97053F00A53707 /* CICQAuthor.m */ = {isa = PBXFileReference; fileEncoding = 4; lastKnownFileType = sourcecode.c.objc; path = CICQAuthor.m; sourceTree = "<group>"; };
		9B6BCD321C97053F00A53707 /* CICQCategory.h */ = {isa = PBXFileReference; fileEncoding = 4; lastKnownFileType = sourcecode.c.h; path = CICQCategory.h; sourceTree = "<group>"; };
		9B6BCD331C97053F00A53707 /* CICQCategory.m */ = {isa = PBXFileReference; fileEncoding = 4; lastKnownFileType = sourcecode.c.objc; path = CICQCategory.m; sourceTree = "<group>"; };
		9B6BCD341C97053F00A53707 /* CICQUserGroupModel.h */ = {isa = PBXFileReference; fileEncoding = 4; lastKnownFileType = sourcecode.c.h; path = CICQUserGroupModel.h; sourceTree = "<group>"; };
		9B6BCD351C97053F00A53707 /* CICQUserGroupModel.m */ = {isa = PBXFileReference; fileEncoding = 4; lastKnownFileType = sourcecode.c.objc; path = CICQUserGroupModel.m; sourceTree = "<group>"; };
		9B963CE61C905E2200A39A5F /* CICQ.app */ = {isa = PBXFileReference; explicitFileType = wrapper.application; includeInIndex = 0; path = CICQ.app; sourceTree = BUILT_PRODUCTS_DIR; };
		9B963CEA1C905E2200A39A5F /* main.m */ = {isa = PBXFileReference; lastKnownFileType = sourcecode.c.objc; path = main.m; sourceTree = "<group>"; };
		9B963CEC1C905E2200A39A5F /* AppDelegate.h */ = {isa = PBXFileReference; lastKnownFileType = sourcecode.c.h; path = AppDelegate.h; sourceTree = "<group>"; };
		9B963CED1C905E2200A39A5F /* AppDelegate.m */ = {isa = PBXFileReference; lastKnownFileType = sourcecode.c.objc; path = AppDelegate.m; sourceTree = "<group>"; };
		9B963CF51C905E2200A39A5F /* Assets.xcassets */ = {isa = PBXFileReference; lastKnownFileType = folder.assetcatalog; path = Assets.xcassets; sourceTree = "<group>"; };
		9B963CF81C905E2200A39A5F /* Base */ = {isa = PBXFileReference; lastKnownFileType = file.storyboard; name = Base; path = Base.lproj/LaunchScreen.storyboard; sourceTree = "<group>"; };
		9B963CFA1C905E2200A39A5F /* Info.plist */ = {isa = PBXFileReference; lastKnownFileType = text.plist.xml; path = Info.plist; sourceTree = "<group>"; };
		9B963CFF1C905E2200A39A5F /* CICQTests.xctest */ = {isa = PBXFileReference; explicitFileType = wrapper.cfbundle; includeInIndex = 0; path = CICQTests.xctest; sourceTree = BUILT_PRODUCTS_DIR; };
		9B963D031C905E2200A39A5F /* CICQTests.m */ = {isa = PBXFileReference; lastKnownFileType = sourcecode.c.objc; path = CICQTests.m; sourceTree = "<group>"; };
		9B963D051C905E2200A39A5F /* Info.plist */ = {isa = PBXFileReference; lastKnownFileType = text.plist.xml; path = Info.plist; sourceTree = "<group>"; };
		9B963D0A1C905E2200A39A5F /* CICQUITests.xctest */ = {isa = PBXFileReference; explicitFileType = wrapper.cfbundle; includeInIndex = 0; path = CICQUITests.xctest; sourceTree = BUILT_PRODUCTS_DIR; };
		9B963D0E1C905E2200A39A5F /* CICQUITests.m */ = {isa = PBXFileReference; lastKnownFileType = sourcecode.c.objc; path = CICQUITests.m; sourceTree = "<group>"; };
		9B963D101C905E2200A39A5F /* Info.plist */ = {isa = PBXFileReference; lastKnownFileType = text.plist.xml; path = Info.plist; sourceTree = "<group>"; };
		9B963D411C9060E300A39A5F /* ContactsViewController.h */ = {isa = PBXFileReference; fileEncoding = 4; lastKnownFileType = sourcecode.c.h; path = ContactsViewController.h; sourceTree = "<group>"; };
		9B963D421C9060E300A39A5F /* ContactsViewController.m */ = {isa = PBXFileReference; fileEncoding = 4; lastKnownFileType = sourcecode.c.objc; path = ContactsViewController.m; sourceTree = "<group>"; };
		9B963D441C9060F500A39A5F /* DynamicViewController.h */ = {isa = PBXFileReference; fileEncoding = 4; lastKnownFileType = sourcecode.c.h; path = DynamicViewController.h; sourceTree = "<group>"; };
		9B963D451C9060F500A39A5F /* DynamicViewController.m */ = {isa = PBXFileReference; fileEncoding = 4; lastKnownFileType = sourcecode.c.objc; path = DynamicViewController.m; sourceTree = "<group>"; };
		9B963D471C90610400A39A5F /* MassagesViewController.h */ = {isa = PBXFileReference; fileEncoding = 4; lastKnownFileType = sourcecode.c.h; path = MassagesViewController.h; sourceTree = "<group>"; };
		9B963D481C90610400A39A5F /* MassagesViewController.m */ = {isa = PBXFileReference; fileEncoding = 4; lastKnownFileType = sourcecode.c.objc; path = MassagesViewController.m; sourceTree = "<group>"; };
		9BB704421C91A9110000DD07 /* PhoneTableViewCell.h */ = {isa = PBXFileReference; fileEncoding = 4; lastKnownFileType = sourcecode.c.h; path = PhoneTableViewCell.h; sourceTree = "<group>"; };
		9BB704431C91A9110000DD07 /* PhoneTableViewCell.m */ = {isa = PBXFileReference; fileEncoding = 4; lastKnownFileType = sourcecode.c.objc; path = PhoneTableViewCell.m; sourceTree = "<group>"; };
		9BB704441C91A9110000DD07 /* PhoneTableViewCell.xib */ = {isa = PBXFileReference; fileEncoding = 4; lastKnownFileType = file.xib; path = PhoneTableViewCell.xib; sourceTree = "<group>"; };
		9BB704481C91D0F40000DD07 /* 1.jpg */ = {isa = PBXFileReference; lastKnownFileType = image.jpeg; path = 1.jpg; sourceTree = "<group>"; };
		9BB704491C91D0F40000DD07 /* 2.jpg */ = {isa = PBXFileReference; lastKnownFileType = image.jpeg; path = 2.jpg; sourceTree = "<group>"; };
		9BB7044A1C91D0F40000DD07 /* 3.jpg */ = {isa = PBXFileReference; lastKnownFileType = image.jpeg; path = 3.jpg; sourceTree = "<group>"; };
		9BB7044B1C91D0F40000DD07 /* 4.jpg */ = {isa = PBXFileReference; lastKnownFileType = image.jpeg; path = 4.jpg; sourceTree = "<group>"; };
		9BB7044C1C91D0F40000DD07 /* 5.jpg */ = {isa = PBXFileReference; lastKnownFileType = image.jpeg; path = 5.jpg; sourceTree = "<group>"; };
		9BB7044D1C91D0F40000DD07 /* 6.jpg */ = {isa = PBXFileReference; lastKnownFileType = image.jpeg; path = 6.jpg; sourceTree = "<group>"; };
		9BB7044E1C91D0F40000DD07 /* 7.jpg */ = {isa = PBXFileReference; lastKnownFileType = image.jpeg; path = 7.jpg; sourceTree = "<group>"; };
		9BB7044F1C91D0F40000DD07 /* 8.jpg */ = {isa = PBXFileReference; lastKnownFileType = image.jpeg; path = 8.jpg; sourceTree = "<group>"; };
		9BB704501C91D0F40000DD07 /* 9.jpg */ = {isa = PBXFileReference; lastKnownFileType = image.jpeg; path = 9.jpg; sourceTree = "<group>"; };
		9BB704511C91D0F40000DD07 /* 10.jpg */ = {isa = PBXFileReference; lastKnownFileType = image.jpeg; path = 10.jpg; sourceTree = "<group>"; };
		9BB7045C1C926DDF0000DD07 /* CICQHTTPRequest.h */ = {isa = PBXFileReference; fileEncoding = 4; lastKnownFileType = sourcecode.c.h; path = CICQHTTPRequest.h; sourceTree = "<group>"; };
		9BB7045D1C926DDF0000DD07 /* CICQHTTPRequest.m */ = {isa = PBXFileReference; fileEncoding = 4; lastKnownFileType = sourcecode.c.objc; path = CICQHTTPRequest.m; sourceTree = "<group>"; };
		9BB704611C928CBC0000DD07 /* AFHTTPRequestOperation.h */ = {isa = PBXFileReference; fileEncoding = 4; lastKnownFileType = sourcecode.c.h; path = AFHTTPRequestOperation.h; sourceTree = "<group>"; };
		9BB704621C928CBC0000DD07 /* AFHTTPRequestOperation.m */ = {isa = PBXFileReference; fileEncoding = 4; lastKnownFileType = sourcecode.c.objc; path = AFHTTPRequestOperation.m; sourceTree = "<group>"; };
		9BB704631C928CBC0000DD07 /* AFHTTPRequestOperationManager.h */ = {isa = PBXFileReference; fileEncoding = 4; lastKnownFileType = sourcecode.c.h; path = AFHTTPRequestOperationManager.h; sourceTree = "<group>"; };
		9BB704641C928CBC0000DD07 /* AFHTTPRequestOperationManager.m */ = {isa = PBXFileReference; fileEncoding = 4; lastKnownFileType = sourcecode.c.objc; path = AFHTTPRequestOperationManager.m; sourceTree = "<group>"; };
		9BB704651C928CBC0000DD07 /* AFHTTPSessionManager.h */ = {isa = PBXFileReference; fileEncoding = 4; lastKnownFileType = sourcecode.c.h; path = AFHTTPSessionManager.h; sourceTree = "<group>"; };
		9BB704661C928CBC0000DD07 /* AFHTTPSessionManager.m */ = {isa = PBXFileReference; fileEncoding = 4; lastKnownFileType = sourcecode.c.objc; path = AFHTTPSessionManager.m; sourceTree = "<group>"; };
		9BB704671C928CBC0000DD07 /* AFNetworking.h */ = {isa = PBXFileReference; fileEncoding = 4; lastKnownFileType = sourcecode.c.h; path = AFNetworking.h; sourceTree = "<group>"; };
		9BB704681C928CBC0000DD07 /* AFNetworkReachabilityManager.h */ = {isa = PBXFileReference; fileEncoding = 4; lastKnownFileType = sourcecode.c.h; path = AFNetworkReachabilityManager.h; sourceTree = "<group>"; };
		9BB704691C928CBC0000DD07 /* AFNetworkReachabilityManager.m */ = {isa = PBXFileReference; fileEncoding = 4; lastKnownFileType = sourcecode.c.objc; path = AFNetworkReachabilityManager.m; sourceTree = "<group>"; };
		9BB7046A1C928CBC0000DD07 /* AFSecurityPolicy.h */ = {isa = PBXFileReference; fileEncoding = 4; lastKnownFileType = sourcecode.c.h; path = AFSecurityPolicy.h; sourceTree = "<group>"; };
		9BB7046B1C928CBC0000DD07 /* AFSecurityPolicy.m */ = {isa = PBXFileReference; fileEncoding = 4; lastKnownFileType = sourcecode.c.objc; path = AFSecurityPolicy.m; sourceTree = "<group>"; };
		9BB7046C1C928CBC0000DD07 /* AFURLConnectionOperation.h */ = {isa = PBXFileReference; fileEncoding = 4; lastKnownFileType = sourcecode.c.h; path = AFURLConnectionOperation.h; sourceTree = "<group>"; };
		9BB7046D1C928CBC0000DD07 /* AFURLConnectionOperation.m */ = {isa = PBXFileReference; fileEncoding = 4; lastKnownFileType = sourcecode.c.objc; path = AFURLConnectionOperation.m; sourceTree = "<group>"; };
		9BB7046E1C928CBC0000DD07 /* AFURLRequestSerialization.h */ = {isa = PBXFileReference; fileEncoding = 4; lastKnownFileType = sourcecode.c.h; path = AFURLRequestSerialization.h; sourceTree = "<group>"; };
		9BB7046F1C928CBC0000DD07 /* AFURLRequestSerialization.m */ = {isa = PBXFileReference; fileEncoding = 4; lastKnownFileType = sourcecode.c.objc; path = AFURLRequestSerialization.m; sourceTree = "<group>"; };
		9BB704701C928CBC0000DD07 /* AFURLResponseSerialization.h */ = {isa = PBXFileReference; fileEncoding = 4; lastKnownFileType = sourcecode.c.h; path = AFURLResponseSerialization.h; sourceTree = "<group>"; };
		9BB704711C928CBC0000DD07 /* AFURLResponseSerialization.m */ = {isa = PBXFileReference; fileEncoding = 4; lastKnownFileType = sourcecode.c.objc; path = AFURLResponseSerialization.m; sourceTree = "<group>"; };
		9BB704721C928CBC0000DD07 /* AFURLSessionManager.h */ = {isa = PBXFileReference; fileEncoding = 4; lastKnownFileType = sourcecode.c.h; path = AFURLSessionManager.h; sourceTree = "<group>"; };
		9BB704731C928CBC0000DD07 /* AFURLSessionManager.m */ = {isa = PBXFileReference; fileEncoding = 4; lastKnownFileType = sourcecode.c.objc; path = AFURLSessionManager.m; sourceTree = "<group>"; };
		9BB704861C93D18C0000DD07 /* ContactsTableViewCell.h */ = {isa = PBXFileReference; fileEncoding = 4; lastKnownFileType = sourcecode.c.h; path = ContactsTableViewCell.h; sourceTree = "<group>"; };
		9BB704871C93D18C0000DD07 /* ContactsTableViewCell.m */ = {isa = PBXFileReference; fileEncoding = 4; lastKnownFileType = sourcecode.c.objc; path = ContactsTableViewCell.m; sourceTree = "<group>"; };
		9BB704881C93D18C0000DD07 /* ContactsTableViewCell.xib */ = {isa = PBXFileReference; fileEncoding = 4; lastKnownFileType = file.xib; path = ContactsTableViewCell.xib; sourceTree = "<group>"; };
		9BB7048B1C93E0EF0000DD07 /* ContactsHeaderTableViewCell.h */ = {isa = PBXFileReference; fileEncoding = 4; lastKnownFileType = sourcecode.c.h; path = ContactsHeaderTableViewCell.h; sourceTree = "<group>"; };
		9BB7048C1C93E0EF0000DD07 /* ContactsHeaderTableViewCell.m */ = {isa = PBXFileReference; fileEncoding = 4; lastKnownFileType = sourcecode.c.objc; path = ContactsHeaderTableViewCell.m; sourceTree = "<group>"; };
		9BB704C61C94230A0000DD07 /* MKAnnotationView+WebCache.h */ = {isa = PBXFileReference; fileEncoding = 4; lastKnownFileType = sourcecode.c.h; path = "MKAnnotationView+WebCache.h"; sourceTree = "<group>"; };
		9BB704C71C94230A0000DD07 /* MKAnnotationView+WebCache.m */ = {isa = PBXFileReference; fileEncoding = 4; lastKnownFileType = sourcecode.c.objc; path = "MKAnnotationView+WebCache.m"; sourceTree = "<group>"; };
		9BB704C81C94230A0000DD07 /* NSData+ImageContentType.h */ = {isa = PBXFileReference; fileEncoding = 4; lastKnownFileType = sourcecode.c.h; path = "NSData+ImageContentType.h"; sourceTree = "<group>"; };
		9BB704C91C94230A0000DD07 /* NSData+ImageContentType.m */ = {isa = PBXFileReference; fileEncoding = 4; lastKnownFileType = sourcecode.c.objc; path = "NSData+ImageContentType.m"; sourceTree = "<group>"; };
		9BB704CA1C94230A0000DD07 /* SDImageCache.h */ = {isa = PBXFileReference; fileEncoding = 4; lastKnownFileType = sourcecode.c.h; path = SDImageCache.h; sourceTree = "<group>"; };
		9BB704CB1C94230A0000DD07 /* SDImageCache.m */ = {isa = PBXFileReference; fileEncoding = 4; lastKnownFileType = sourcecode.c.objc; path = SDImageCache.m; sourceTree = "<group>"; };
		9BB704CC1C94230A0000DD07 /* SDWebImageCompat.h */ = {isa = PBXFileReference; fileEncoding = 4; lastKnownFileType = sourcecode.c.h; path = SDWebImageCompat.h; sourceTree = "<group>"; };
		9BB704CD1C94230A0000DD07 /* SDWebImageCompat.m */ = {isa = PBXFileReference; fileEncoding = 4; lastKnownFileType = sourcecode.c.objc; path = SDWebImageCompat.m; sourceTree = "<group>"; };
		9BB704CE1C94230A0000DD07 /* SDWebImageDecoder.h */ = {isa = PBXFileReference; fileEncoding = 4; lastKnownFileType = sourcecode.c.h; path = SDWebImageDecoder.h; sourceTree = "<group>"; };
		9BB704CF1C94230A0000DD07 /* SDWebImageDecoder.m */ = {isa = PBXFileReference; fileEncoding = 4; lastKnownFileType = sourcecode.c.objc; path = SDWebImageDecoder.m; sourceTree = "<group>"; };
		9BB704D01C94230A0000DD07 /* SDWebImageDownloader.h */ = {isa = PBXFileReference; fileEncoding = 4; lastKnownFileType = sourcecode.c.h; path = SDWebImageDownloader.h; sourceTree = "<group>"; };
		9BB704D11C94230A0000DD07 /* SDWebImageDownloader.m */ = {isa = PBXFileReference; fileEncoding = 4; lastKnownFileType = sourcecode.c.objc; path = SDWebImageDownloader.m; sourceTree = "<group>"; };
		9BB704D21C94230A0000DD07 /* SDWebImageDownloaderOperation.h */ = {isa = PBXFileReference; fileEncoding = 4; lastKnownFileType = sourcecode.c.h; path = SDWebImageDownloaderOperation.h; sourceTree = "<group>"; };
		9BB704D31C94230A0000DD07 /* SDWebImageDownloaderOperation.m */ = {isa = PBXFileReference; fileEncoding = 4; lastKnownFileType = sourcecode.c.objc; path = SDWebImageDownloaderOperation.m; sourceTree = "<group>"; };
		9BB704D41C94230A0000DD07 /* SDWebImageManager.h */ = {isa = PBXFileReference; fileEncoding = 4; lastKnownFileType = sourcecode.c.h; path = SDWebImageManager.h; sourceTree = "<group>"; };
		9BB704D51C94230A0000DD07 /* SDWebImageManager.m */ = {isa = PBXFileReference; fileEncoding = 4; lastKnownFileType = sourcecode.c.objc; path = SDWebImageManager.m; sourceTree = "<group>"; };
		9BB704D61C94230A0000DD07 /* SDWebImageOperation.h */ = {isa = PBXFileReference; fileEncoding = 4; lastKnownFileType = sourcecode.c.h; path = SDWebImageOperation.h; sourceTree = "<group>"; };
		9BB704D71C94230A0000DD07 /* SDWebImagePrefetcher.h */ = {isa = PBXFileReference; fileEncoding = 4; lastKnownFileType = sourcecode.c.h; path = SDWebImagePrefetcher.h; sourceTree = "<group>"; };
		9BB704D81C94230A0000DD07 /* SDWebImagePrefetcher.m */ = {isa = PBXFileReference; fileEncoding = 4; lastKnownFileType = sourcecode.c.objc; path = SDWebImagePrefetcher.m; sourceTree = "<group>"; };
		9BB704D91C94230A0000DD07 /* UIButton+WebCache.h */ = {isa = PBXFileReference; fileEncoding = 4; lastKnownFileType = sourcecode.c.h; path = "UIButton+WebCache.h"; sourceTree = "<group>"; };
		9BB704DA1C94230A0000DD07 /* UIButton+WebCache.m */ = {isa = PBXFileReference; fileEncoding = 4; lastKnownFileType = sourcecode.c.objc; path = "UIButton+WebCache.m"; sourceTree = "<group>"; };
		9BB704DB1C94230A0000DD07 /* UIImage+GIF.h */ = {isa = PBXFileReference; fileEncoding = 4; lastKnownFileType = sourcecode.c.h; path = "UIImage+GIF.h"; sourceTree = "<group>"; };
		9BB704DC1C94230A0000DD07 /* UIImage+GIF.m */ = {isa = PBXFileReference; fileEncoding = 4; lastKnownFileType = sourcecode.c.objc; path = "UIImage+GIF.m"; sourceTree = "<group>"; };
		9BB704DD1C94230A0000DD07 /* UIImage+MultiFormat.h */ = {isa = PBXFileReference; fileEncoding = 4; lastKnownFileType = sourcecode.c.h; path = "UIImage+MultiFormat.h"; sourceTree = "<group>"; };
		9BB704DE1C94230A0000DD07 /* UIImage+MultiFormat.m */ = {isa = PBXFileReference; fileEncoding = 4; lastKnownFileType = sourcecode.c.objc; path = "UIImage+MultiFormat.m"; sourceTree = "<group>"; };
		9BB704DF1C94230A0000DD07 /* UIImage+WebP.h */ = {isa = PBXFileReference; fileEncoding = 4; lastKnownFileType = sourcecode.c.h; path = "UIImage+WebP.h"; sourceTree = "<group>"; };
		9BB704E01C94230A0000DD07 /* UIImage+WebP.m */ = {isa = PBXFileReference; fileEncoding = 4; lastKnownFileType = sourcecode.c.objc; path = "UIImage+WebP.m"; sourceTree = "<group>"; };
		9BB704E11C94230A0000DD07 /* UIImageView+HighlightedWebCache.h */ = {isa = PBXFileReference; fileEncoding = 4; lastKnownFileType = sourcecode.c.h; path = "UIImageView+HighlightedWebCache.h"; sourceTree = "<group>"; };
		9BB704E21C94230A0000DD07 /* UIImageView+HighlightedWebCache.m */ = {isa = PBXFileReference; fileEncoding = 4; lastKnownFileType = sourcecode.c.objc; path = "UIImageView+HighlightedWebCache.m"; sourceTree = "<group>"; };
		9BB704E31C94230A0000DD07 /* UIImageView+WebCache.h */ = {isa = PBXFileReference; fileEncoding = 4; lastKnownFileType = sourcecode.c.h; path = "UIImageView+WebCache.h"; sourceTree = "<group>"; };
		9BB704E41C94230A0000DD07 /* UIImageView+WebCache.m */ = {isa = PBXFileReference; fileEncoding = 4; lastKnownFileType = sourcecode.c.objc; path = "UIImageView+WebCache.m"; sourceTree = "<group>"; };
		9BB704E51C94230A0000DD07 /* UIView+WebCacheOperation.h */ = {isa = PBXFileReference; fileEncoding = 4; lastKnownFileType = sourcecode.c.h; path = "UIView+WebCacheOperation.h"; sourceTree = "<group>"; };
		9BB704E61C94230A0000DD07 /* UIView+WebCacheOperation.m */ = {isa = PBXFileReference; fileEncoding = 4; lastKnownFileType = sourcecode.c.objc; path = "UIView+WebCacheOperation.m"; sourceTree = "<group>"; };
		9BB704F71C9423A50000DD07 /* 12322.png */ = {isa = PBXFileReference; lastKnownFileType = image.png; path = 12322.png; sourceTree = "<group>"; };
		9BDA03C51C97AF0300C95FB7 /* FirstStartApp.h */ = {isa = PBXFileReference; fileEncoding = 4; lastKnownFileType = sourcecode.c.h; path = FirstStartApp.h; sourceTree = "<group>"; };
		9BDA03C61C97AF0300C95FB7 /* FirstStartApp.m */ = {isa = PBXFileReference; fileEncoding = 4; lastKnownFileType = sourcecode.c.objc; path = FirstStartApp.m; sourceTree = "<group>"; };
/* End PBXFileReference section */

/* Begin PBXFrameworksBuildPhase section */
		9B963CE31C905E2200A39A5F /* Frameworks */ = {
			isa = PBXFrameworksBuildPhase;
			buildActionMask = 2147483647;
			files = (
				9B6BCCB01C95329100A53707 /* libsqlite3.dylib in Frameworks */,
			);
			runOnlyForDeploymentPostprocessing = 0;
		};
		9B963CFC1C905E2200A39A5F /* Frameworks */ = {
			isa = PBXFrameworksBuildPhase;
			buildActionMask = 2147483647;
			files = (
			);
			runOnlyForDeploymentPostprocessing = 0;
		};
		9B963D071C905E2200A39A5F /* Frameworks */ = {
			isa = PBXFrameworksBuildPhase;
			buildActionMask = 2147483647;
			files = (
			);
			runOnlyForDeploymentPostprocessing = 0;
		};
/* End PBXFrameworksBuildPhase section */

/* Begin PBXGroup section */
		9B19AEED1C910AA300056763 /* BaseClasss */ = {
			isa = PBXGroup;
			children = (
				9B19AEFE1C91239000056763 /* BaseService.h */,
				9B19AEFF1C91239000056763 /* BaseService.m */,
				9B19AF001C91239000056763 /* BaseTabBarViewController.h */,
				9B19AF011C91239000056763 /* BaseTabBarViewController.m */,
				9B19AF021C91239000056763 /* BaseViewController.h */,
				9B19AF031C91239000056763 /* BaseViewController.m */,
			);
			path = BaseClasss;
			sourceTree = "<group>";
		};
		9B19AEF01C91104F00056763 /* Resources */ = {
			isa = PBXGroup;
			children = (
				9BB704471C91CFB40000DD07 /* head */,
				9B19AEF11C91104F00056763 /* default */,
			);
			path = Resources;
			sourceTree = "<group>";
		};
		9B19AEF11C91104F00056763 /* default */ = {
			isa = PBXGroup;
			children = (
				9B19AEEE1C910FF900056763 /* head.png */,
			);
			path = default;
			sourceTree = "<group>";
		};
		9B19AEF71C91217300056763 /* Network */ = {
			isa = PBXGroup;
			children = (
				9B19AEFB1C91233C00056763 /* ChatMassageService.h */,
				9B19AEFC1C91233C00056763 /* ChatMassageService.m */,
				9BB7045C1C926DDF0000DD07 /* CICQHTTPRequest.h */,
				9BB7045D1C926DDF0000DD07 /* CICQHTTPRequest.m */,
			);
			path = Network;
			sourceTree = "<group>";
		};
		9B6BCC5C1C95324D00A53707 /* MJRefresh */ = {
			isa = PBXGroup;
			children = (
				9B6BCC5D1C95324D00A53707 /* Base */,
				9B6BCC681C95324D00A53707 /* Custom */,
				9B6BCC7F1C95324D00A53707 /* MJRefresh.bundle */,
				9B6BCC801C95324D00A53707 /* MJRefresh.h */,
				9B6BCC811C95324D00A53707 /* MJRefreshConst.h */,
				9B6BCC821C95324D00A53707 /* MJRefreshConst.m */,
				9B6BCC831C95324D00A53707 /* UIScrollView+MJExtension.h */,
				9B6BCC841C95324D00A53707 /* UIScrollView+MJExtension.m */,
				9B6BCC851C95324D00A53707 /* UIScrollView+MJRefresh.h */,
				9B6BCC861C95324D00A53707 /* UIScrollView+MJRefresh.m */,
				9B6BCC871C95324D00A53707 /* UIView+MJExtension.h */,
				9B6BCC881C95324D00A53707 /* UIView+MJExtension.m */,
			);
			path = MJRefresh;
			sourceTree = "<group>";
		};
		9B6BCC5D1C95324D00A53707 /* Base */ = {
			isa = PBXGroup;
			children = (
				9B6BCC5E1C95324D00A53707 /* MJRefreshAutoFooter.h */,
				9B6BCC5F1C95324D00A53707 /* MJRefreshAutoFooter.m */,
				9B6BCC601C95324D00A53707 /* MJRefreshBackFooter.h */,
				9B6BCC611C95324D00A53707 /* MJRefreshBackFooter.m */,
				9B6BCC621C95324D00A53707 /* MJRefreshComponent.h */,
				9B6BCC631C95324D00A53707 /* MJRefreshComponent.m */,
				9B6BCC641C95324D00A53707 /* MJRefreshFooter.h */,
				9B6BCC651C95324D00A53707 /* MJRefreshFooter.m */,
				9B6BCC661C95324D00A53707 /* MJRefreshHeader.h */,
				9B6BCC671C95324D00A53707 /* MJRefreshHeader.m */,
			);
			path = Base;
			sourceTree = "<group>";
		};
		9B6BCC681C95324D00A53707 /* Custom */ = {
			isa = PBXGroup;
			children = (
				9B6BCC691C95324D00A53707 /* Footer */,
				9B6BCC781C95324D00A53707 /* Header */,
			);
			path = Custom;
			sourceTree = "<group>";
		};
		9B6BCC691C95324D00A53707 /* Footer */ = {
			isa = PBXGroup;
			children = (
				9B6BCC6A1C95324D00A53707 /* Auto */,
				9B6BCC711C95324D00A53707 /* Back */,
			);
			path = Footer;
			sourceTree = "<group>";
		};
		9B6BCC6A1C95324D00A53707 /* Auto */ = {
			isa = PBXGroup;
			children = (
				9B6BCC6B1C95324D00A53707 /* MJRefreshAutoGifFooter.h */,
				9B6BCC6C1C95324D00A53707 /* MJRefreshAutoGifFooter.m */,
				9B6BCC6D1C95324D00A53707 /* MJRefreshAutoNormalFooter.h */,
				9B6BCC6E1C95324D00A53707 /* MJRefreshAutoNormalFooter.m */,
				9B6BCC6F1C95324D00A53707 /* MJRefreshAutoStateFooter.h */,
				9B6BCC701C95324D00A53707 /* MJRefreshAutoStateFooter.m */,
			);
			path = Auto;
			sourceTree = "<group>";
		};
		9B6BCC711C95324D00A53707 /* Back */ = {
			isa = PBXGroup;
			children = (
				9B6BCC721C95324D00A53707 /* MJRefreshBackGifFooter.h */,
				9B6BCC731C95324D00A53707 /* MJRefreshBackGifFooter.m */,
				9B6BCC741C95324D00A53707 /* MJRefreshBackNormalFooter.h */,
				9B6BCC751C95324D00A53707 /* MJRefreshBackNormalFooter.m */,
				9B6BCC761C95324D00A53707 /* MJRefreshBackStateFooter.h */,
				9B6BCC771C95324D00A53707 /* MJRefreshBackStateFooter.m */,
			);
			path = Back;
			sourceTree = "<group>";
		};
		9B6BCC781C95324D00A53707 /* Header */ = {
			isa = PBXGroup;
			children = (
				9B6BCC791C95324D00A53707 /* MJRefreshGifHeader.h */,
				9B6BCC7A1C95324D00A53707 /* MJRefreshGifHeader.m */,
				9B6BCC7B1C95324D00A53707 /* MJRefreshNormalHeader.h */,
				9B6BCC7C1C95324D00A53707 /* MJRefreshNormalHeader.m */,
				9B6BCC7D1C95324D00A53707 /* MJRefreshStateHeader.h */,
				9B6BCC7E1C95324D00A53707 /* MJRefreshStateHeader.m */,
			);
			path = Header;
			sourceTree = "<group>";
		};
		9B6BCC9C1C95326B00A53707 /* fmdb */ = {
			isa = PBXGroup;
			children = (
				9B6BCC9D1C95326B00A53707 /* FMDatabase.h */,
				9B6BCC9E1C95326B00A53707 /* FMDatabase.m */,
				9B6BCC9F1C95326B00A53707 /* FMDatabaseAdditions.h */,
				9B6BCCA01C95326B00A53707 /* FMDatabaseAdditions.m */,
				9B6BCCA11C95326B00A53707 /* FMDatabasePool.h */,
				9B6BCCA21C95326B00A53707 /* FMDatabasePool.m */,
				9B6BCCA31C95326B00A53707 /* FMDatabaseQueue.h */,
				9B6BCCA41C95326B00A53707 /* FMDatabaseQueue.m */,
				9B6BCCA51C95326B00A53707 /* FMDB.h */,
				9B6BCCA61C95326B00A53707 /* FMResultSet.h */,
				9B6BCCA71C95326B00A53707 /* FMResultSet.m */,
				9B6BCCA81C95326B00A53707 /* Info.plist */,
			);
			path = fmdb;
			sourceTree = "<group>";
		};
		9B6BCD2C1C96AC0A00A53707 /* Tool */ = {
			isa = PBXGroup;
			children = (
				9B6BCD2D1C96AC2D00A53707 /* DBHelp.h */,
				9B6BCD2E1C96AC2D00A53707 /* DBHelp.m */,
				9BDA03C51C97AF0300C95FB7 /* FirstStartApp.h */,
				9BDA03C61C97AF0300C95FB7 /* FirstStartApp.m */,
			);
			path = Tool;
			sourceTree = "<group>";
		};
		9B963CDD1C905E2100A39A5F = {
			isa = PBXGroup;
			children = (
				9B6BCCAF1C95329100A53707 /* libsqlite3.dylib */,
				9B963CE81C905E2200A39A5F /* CICQ */,
				9B963D021C905E2200A39A5F /* CICQTests */,
				9B963D0D1C905E2200A39A5F /* CICQUITests */,
				9B963CE71C905E2200A39A5F /* Products */,
			);
			sourceTree = "<group>";
		};
		9B963CE71C905E2200A39A5F /* Products */ = {
			isa = PBXGroup;
			children = (
				9B963CE61C905E2200A39A5F /* CICQ.app */,
				9B963CFF1C905E2200A39A5F /* CICQTests.xctest */,
				9B963D0A1C905E2200A39A5F /* CICQUITests.xctest */,
			);
			name = Products;
			sourceTree = "<group>";
		};
		9B963CE81C905E2200A39A5F /* CICQ */ = {
			isa = PBXGroup;
			children = (
				9B6BCD2C1C96AC0A00A53707 /* Tool */,
				9BB7045F1C928CBC0000DD07 /* Library */,
				9B19AEF71C91217300056763 /* Network */,
				9B19AEF01C91104F00056763 /* Resources */,
				9B19AEED1C910AA300056763 /* BaseClasss */,
				9B963D291C90607000A39A5F /* Contacts */,
				9B963D2F1C90607000A39A5F /* Dynamic */,
				9B963D351C90607000A39A5F /* Massages */,
				9B963CEC1C905E2200A39A5F /* AppDelegate.h */,
				9B6BCD291C969F3200A53707 /* Main.storyboard */,
				9B963CED1C905E2200A39A5F /* AppDelegate.m */,
				9B963CF51C905E2200A39A5F /* Assets.xcassets */,
				9B963CF71C905E2200A39A5F /* LaunchScreen.storyboard */,
				9B963CFA1C905E2200A39A5F /* Info.plist */,
				9B963CE91C905E2200A39A5F /* Supporting Files */,
			);
			path = CICQ;
			sourceTree = "<group>";
		};
		9B963CE91C905E2200A39A5F /* Supporting Files */ = {
			isa = PBXGroup;
			children = (
				9B963CEA1C905E2200A39A5F /* main.m */,
			);
			name = "Supporting Files";
			sourceTree = "<group>";
		};
		9B963D021C905E2200A39A5F /* CICQTests */ = {
			isa = PBXGroup;
			children = (
				9B963D031C905E2200A39A5F /* CICQTests.m */,
				9B963D051C905E2200A39A5F /* Info.plist */,
			);
			path = CICQTests;
			sourceTree = "<group>";
		};
		9B963D0D1C905E2200A39A5F /* CICQUITests */ = {
			isa = PBXGroup;
			children = (
				9B963D0E1C905E2200A39A5F /* CICQUITests.m */,
				9B963D101C905E2200A39A5F /* Info.plist */,
			);
			path = CICQUITests;
			sourceTree = "<group>";
		};
		9B963D291C90607000A39A5F /* Contacts */ = {
			isa = PBXGroup;
			children = (
				9B963D2A1C90607000A39A5F /* Model */,
				9B963D2B1C90607000A39A5F /* View */,
				9B963D2C1C90607000A39A5F /* ViewController */,
			);
			path = Contacts;
			sourceTree = "<group>";
		};
		9B963D2A1C90607000A39A5F /* Model */ = {
			isa = PBXGroup;
			children = (
				9B6BCD301C97053F00A53707 /* CICQAuthor.h */,
				9B6BCD311C97053F00A53707 /* CICQAuthor.m */,
				9B6BCD321C97053F00A53707 /* CICQCategory.h */,
				9B6BCD331C97053F00A53707 /* CICQCategory.m */,
				9B6BCD341C97053F00A53707 /* CICQUserGroupModel.h */,
				9B6BCD351C97053F00A53707 /* CICQUserGroupModel.m */,
			);
			path = Model;
			sourceTree = "<group>";
		};
		9B963D2B1C90607000A39A5F /* View */ = {
			isa = PBXGroup;
			children = (
				9BB704861C93D18C0000DD07 /* ContactsTableViewCell.h */,
				9BB704871C93D18C0000DD07 /* ContactsTableViewCell.m */,
				9BB704881C93D18C0000DD07 /* ContactsTableViewCell.xib */,
				9BB7048B1C93E0EF0000DD07 /* ContactsHeaderTableViewCell.h */,
				9BB7048C1C93E0EF0000DD07 /* ContactsHeaderTableViewCell.m */,
			);
			path = View;
			sourceTree = "<group>";
		};
		9B963D2C1C90607000A39A5F /* ViewController */ = {
			isa = PBXGroup;
			children = (
				9B963D411C9060E300A39A5F /* ContactsViewController.h */,
				9B963D421C9060E300A39A5F /* ContactsViewController.m */,
			);
			path = ViewController;
			sourceTree = "<group>";
		};
		9B963D2F1C90607000A39A5F /* Dynamic */ = {
			isa = PBXGroup;
			children = (
				9B963D301C90607000A39A5F /* Model */,
				9B963D311C90607000A39A5F /* View */,
				9B963D321C90607000A39A5F /* ViewController */,
			);
			path = Dynamic;
			sourceTree = "<group>";
		};
		9B963D301C90607000A39A5F /* Model */ = {
			isa = PBXGroup;
			children = (
			);
			path = Model;
			sourceTree = "<group>";
		};
		9B963D311C90607000A39A5F /* View */ = {
			isa = PBXGroup;
			children = (
			);
			path = View;
			sourceTree = "<group>";
		};
		9B963D321C90607000A39A5F /* ViewController */ = {
			isa = PBXGroup;
			children = (
				9B963D441C9060F500A39A5F /* DynamicViewController.h */,
				9B963D451C9060F500A39A5F /* DynamicViewController.m */,
			);
			path = ViewController;
			sourceTree = "<group>";
		};
		9B963D351C90607000A39A5F /* Massages */ = {
			isa = PBXGroup;
			children = (
				9B963D361C90607000A39A5F /* Model */,
				9B963D371C90607000A39A5F /* View */,
				9B963D381C90607000A39A5F /* ViewController */,
			);
			path = Massages;
			sourceTree = "<group>";
		};
		9B963D361C90607000A39A5F /* Model */ = {
			isa = PBXGroup;
			children = (
				9B19AF091C91654800056763 /* NewMassageModel.h */,
				9B19AF0A1C91654800056763 /* NewMassageModel.m */,
			);
			path = Model;
			sourceTree = "<group>";
		};
		9B963D371C90607000A39A5F /* View */ = {
			isa = PBXGroup;
			children = (
				9B19AEF21C911D6300056763 /* NewMassageTableViewCell.h */,
				9B19AEF31C911D6300056763 /* NewMassageTableViewCell.m */,
				9B19AEF41C911D6300056763 /* NewMassageTableViewCell.xib */,
				9BB704421C91A9110000DD07 /* PhoneTableViewCell.h */,
				9BB704431C91A9110000DD07 /* PhoneTableViewCell.m */,
				9BB704441C91A9110000DD07 /* PhoneTableViewCell.xib */,
			);
			path = View;
			sourceTree = "<group>";
		};
		9B963D381C90607000A39A5F /* ViewController */ = {
			isa = PBXGroup;
			children = (
				9B963D471C90610400A39A5F /* MassagesViewController.h */,
				9B963D481C90610400A39A5F /* MassagesViewController.m */,
			);
			path = ViewController;
			sourceTree = "<group>";
		};
		9BB704471C91CFB40000DD07 /* head */ = {
			isa = PBXGroup;
			children = (
				9BB704F71C9423A50000DD07 /* 12322.png */,
				9BB704481C91D0F40000DD07 /* 1.jpg */,
				9BB704491C91D0F40000DD07 /* 2.jpg */,
				9BB7044A1C91D0F40000DD07 /* 3.jpg */,
				9BB7044B1C91D0F40000DD07 /* 4.jpg */,
				9BB7044C1C91D0F40000DD07 /* 5.jpg */,
				9BB7044D1C91D0F40000DD07 /* 6.jpg */,
				9BB7044E1C91D0F40000DD07 /* 7.jpg */,
				9BB7044F1C91D0F40000DD07 /* 8.jpg */,
				9BB704501C91D0F40000DD07 /* 9.jpg */,
				9BB704511C91D0F40000DD07 /* 10.jpg */,
			);
			path = head;
			sourceTree = "<group>";
		};
		9BB7045F1C928CBC0000DD07 /* Library */ = {
			isa = PBXGroup;
			children = (
				9B6BCC9C1C95326B00A53707 /* fmdb */,
				9B6BCC5C1C95324D00A53707 /* MJRefresh */,
				9BB704C51C94230A0000DD07 /* SDWebImage */,
				9BB704601C928CBC0000DD07 /* AFNetworking */,
			);
			path = Library;
			sourceTree = "<group>";
		};
		9BB704601C928CBC0000DD07 /* AFNetworking */ = {
			isa = PBXGroup;
			children = (
				9BB704611C928CBC0000DD07 /* AFHTTPRequestOperation.h */,
				9BB704621C928CBC0000DD07 /* AFHTTPRequestOperation.m */,
				9BB704631C928CBC0000DD07 /* AFHTTPRequestOperationManager.h */,
				9BB704641C928CBC0000DD07 /* AFHTTPRequestOperationManager.m */,
				9BB704651C928CBC0000DD07 /* AFHTTPSessionManager.h */,
				9BB704661C928CBC0000DD07 /* AFHTTPSessionManager.m */,
				9BB704671C928CBC0000DD07 /* AFNetworking.h */,
				9BB704681C928CBC0000DD07 /* AFNetworkReachabilityManager.h */,
				9BB704691C928CBC0000DD07 /* AFNetworkReachabilityManager.m */,
				9BB7046A1C928CBC0000DD07 /* AFSecurityPolicy.h */,
				9BB7046B1C928CBC0000DD07 /* AFSecurityPolicy.m */,
				9BB7046C1C928CBC0000DD07 /* AFURLConnectionOperation.h */,
				9BB7046D1C928CBC0000DD07 /* AFURLConnectionOperation.m */,
				9BB7046E1C928CBC0000DD07 /* AFURLRequestSerialization.h */,
				9BB7046F1C928CBC0000DD07 /* AFURLRequestSerialization.m */,
				9BB704701C928CBC0000DD07 /* AFURLResponseSerialization.h */,
				9BB704711C928CBC0000DD07 /* AFURLResponseSerialization.m */,
				9BB704721C928CBC0000DD07 /* AFURLSessionManager.h */,
				9BB704731C928CBC0000DD07 /* AFURLSessionManager.m */,
			);
			path = AFNetworking;
			sourceTree = "<group>";
		};
		9BB704C51C94230A0000DD07 /* SDWebImage */ = {
			isa = PBXGroup;
			children = (
				9BB704C61C94230A0000DD07 /* MKAnnotationView+WebCache.h */,
				9BB704C71C94230A0000DD07 /* MKAnnotationView+WebCache.m */,
				9BB704C81C94230A0000DD07 /* NSData+ImageContentType.h */,
				9BB704C91C94230A0000DD07 /* NSData+ImageContentType.m */,
				9BB704CA1C94230A0000DD07 /* SDImageCache.h */,
				9BB704CB1C94230A0000DD07 /* SDImageCache.m */,
				9BB704CC1C94230A0000DD07 /* SDWebImageCompat.h */,
				9BB704CD1C94230A0000DD07 /* SDWebImageCompat.m */,
				9BB704CE1C94230A0000DD07 /* SDWebImageDecoder.h */,
				9BB704CF1C94230A0000DD07 /* SDWebImageDecoder.m */,
				9BB704D01C94230A0000DD07 /* SDWebImageDownloader.h */,
				9BB704D11C94230A0000DD07 /* SDWebImageDownloader.m */,
				9BB704D21C94230A0000DD07 /* SDWebImageDownloaderOperation.h */,
				9BB704D31C94230A0000DD07 /* SDWebImageDownloaderOperation.m */,
				9BB704D41C94230A0000DD07 /* SDWebImageManager.h */,
				9BB704D51C94230A0000DD07 /* SDWebImageManager.m */,
				9BB704D61C94230A0000DD07 /* SDWebImageOperation.h */,
				9BB704D71C94230A0000DD07 /* SDWebImagePrefetcher.h */,
				9BB704D81C94230A0000DD07 /* SDWebImagePrefetcher.m */,
				9BB704D91C94230A0000DD07 /* UIButton+WebCache.h */,
				9BB704DA1C94230A0000DD07 /* UIButton+WebCache.m */,
				9BB704DB1C94230A0000DD07 /* UIImage+GIF.h */,
				9BB704DC1C94230A0000DD07 /* UIImage+GIF.m */,
				9BB704DD1C94230A0000DD07 /* UIImage+MultiFormat.h */,
				9BB704DE1C94230A0000DD07 /* UIImage+MultiFormat.m */,
				9BB704DF1C94230A0000DD07 /* UIImage+WebP.h */,
				9BB704E01C94230A0000DD07 /* UIImage+WebP.m */,
				9BB704E11C94230A0000DD07 /* UIImageView+HighlightedWebCache.h */,
				9BB704E21C94230A0000DD07 /* UIImageView+HighlightedWebCache.m */,
				9BB704E31C94230A0000DD07 /* UIImageView+WebCache.h */,
				9BB704E41C94230A0000DD07 /* UIImageView+WebCache.m */,
				9BB704E51C94230A0000DD07 /* UIView+WebCacheOperation.h */,
				9BB704E61C94230A0000DD07 /* UIView+WebCacheOperation.m */,
			);
			path = SDWebImage;
			sourceTree = "<group>";
		};
/* End PBXGroup section */

/* Begin PBXNativeTarget section */
		9B963CE51C905E2200A39A5F /* CICQ */ = {
			isa = PBXNativeTarget;
			buildConfigurationList = 9B963D131C905E2200A39A5F /* Build configuration list for PBXNativeTarget "CICQ" */;
			buildPhases = (
				9B963CE21C905E2200A39A5F /* Sources */,
				9B963CE31C905E2200A39A5F /* Frameworks */,
				9B963CE41C905E2200A39A5F /* Resources */,
			);
			buildRules = (
			);
			dependencies = (
			);
			name = CICQ;
			productName = CICQ;
			productReference = 9B963CE61C905E2200A39A5F /* CICQ.app */;
			productType = "com.apple.product-type.application";
		};
		9B963CFE1C905E2200A39A5F /* CICQTests */ = {
			isa = PBXNativeTarget;
			buildConfigurationList = 9B963D161C905E2200A39A5F /* Build configuration list for PBXNativeTarget "CICQTests" */;
			buildPhases = (
				9B963CFB1C905E2200A39A5F /* Sources */,
				9B963CFC1C905E2200A39A5F /* Frameworks */,
				9B963CFD1C905E2200A39A5F /* Resources */,
			);
			buildRules = (
			);
			dependencies = (
				9B963D011C905E2200A39A5F /* PBXTargetDependency */,
			);
			name = CICQTests;
			productName = CICQTests;
			productReference = 9B963CFF1C905E2200A39A5F /* CICQTests.xctest */;
			productType = "com.apple.product-type.bundle.unit-test";
		};
		9B963D091C905E2200A39A5F /* CICQUITests */ = {
			isa = PBXNativeTarget;
			buildConfigurationList = 9B963D191C905E2200A39A5F /* Build configuration list for PBXNativeTarget "CICQUITests" */;
			buildPhases = (
				9B963D061C905E2200A39A5F /* Sources */,
				9B963D071C905E2200A39A5F /* Frameworks */,
				9B963D081C905E2200A39A5F /* Resources */,
			);
			buildRules = (
			);
			dependencies = (
				9B963D0C1C905E2200A39A5F /* PBXTargetDependency */,
			);
			name = CICQUITests;
			productName = CICQUITests;
			productReference = 9B963D0A1C905E2200A39A5F /* CICQUITests.xctest */;
			productType = "com.apple.product-type.bundle.ui-testing";
		};
/* End PBXNativeTarget section */

/* Begin PBXProject section */
		9B963CDE1C905E2100A39A5F /* Project object */ = {
			isa = PBXProject;
			attributes = {
				LastUpgradeCheck = 0720;
				ORGANIZATIONNAME = darren;
				TargetAttributes = {
					9B963CE51C905E2200A39A5F = {
						CreatedOnToolsVersion = 7.2;
					};
					9B963CFE1C905E2200A39A5F = {
						CreatedOnToolsVersion = 7.2;
						TestTargetID = 9B963CE51C905E2200A39A5F;
					};
					9B963D091C905E2200A39A5F = {
						CreatedOnToolsVersion = 7.2;
						TestTargetID = 9B963CE51C905E2200A39A5F;
					};
				};
			};
			buildConfigurationList = 9B963CE11C905E2100A39A5F /* Build configuration list for PBXProject "CICQ" */;
			compatibilityVersion = "Xcode 3.2";
			developmentRegion = English;
			hasScannedForEncodings = 0;
			knownRegions = (
				en,
				Base,
			);
			mainGroup = 9B963CDD1C905E2100A39A5F;
			productRefGroup = 9B963CE71C905E2200A39A5F /* Products */;
			projectDirPath = "";
			projectRoot = "";
			targets = (
				9B963CE51C905E2200A39A5F /* CICQ */,
				9B963CFE1C905E2200A39A5F /* CICQTests */,
				9B963D091C905E2200A39A5F /* CICQUITests */,
			);
		};
/* End PBXProject section */

/* Begin PBXResourcesBuildPhase section */
		9B963CE41C905E2200A39A5F /* Resources */ = {
			isa = PBXResourcesBuildPhase;
			buildActionMask = 2147483647;
			files = (
				9BB704561C91D0F40000DD07 /* 5.jpg in Resources */,
				9BB704541C91D0F40000DD07 /* 3.jpg in Resources */,
				9B963CF91C905E2200A39A5F /* LaunchScreen.storyboard in Resources */,
				9BB7045A1C91D0F40000DD07 /* 9.jpg in Resources */,
				9B19AEEF1C910FF900056763 /* head.png in Resources */,
				9BB7048A1C93D18C0000DD07 /* ContactsTableViewCell.xib in Resources */,
				9B19AEF61C911D6300056763 /* NewMassageTableViewCell.xib in Resources */,
				9BB7045B1C91D0F40000DD07 /* 10.jpg in Resources */,
				9B963CF61C905E2200A39A5F /* Assets.xcassets in Resources */,
				9BB704591C91D0F40000DD07 /* 8.jpg in Resources */,
				9BB704571C91D0F40000DD07 /* 6.jpg in Resources */,
				9B6BCD2B1C969F3200A53707 /* Main.storyboard in Resources */,
				9BB704F81C9423A50000DD07 /* 12322.png in Resources */,
				9BB704461C91A9110000DD07 /* PhoneTableViewCell.xib in Resources */,
				9BB704531C91D0F40000DD07 /* 2.jpg in Resources */,
				9BB704581C91D0F40000DD07 /* 7.jpg in Resources */,
				9BB704551C91D0F40000DD07 /* 4.jpg in Resources */,
				9B6BCC971C95324D00A53707 /* MJRefresh.bundle in Resources */,
				9BB704521C91D0F40000DD07 /* 1.jpg in Resources */,
				9B6BCCAE1C95326B00A53707 /* Info.plist in Resources */,
			);
			runOnlyForDeploymentPostprocessing = 0;
		};
		9B963CFD1C905E2200A39A5F /* Resources */ = {
			isa = PBXResourcesBuildPhase;
			buildActionMask = 2147483647;
			files = (
			);
			runOnlyForDeploymentPostprocessing = 0;
		};
		9B963D081C905E2200A39A5F /* Resources */ = {
			isa = PBXResourcesBuildPhase;
			buildActionMask = 2147483647;
			files = (
			);
			runOnlyForDeploymentPostprocessing = 0;
		};
/* End PBXResourcesBuildPhase section */

/* Begin PBXSourcesBuildPhase section */
		9B963CE21C905E2200A39A5F /* Sources */ = {
			isa = PBXSourcesBuildPhase;
			buildActionMask = 2147483647;
			files = (
				9BB704F11C94230A0000DD07 /* UIImage+GIF.m in Sources */,
				9B6BCC961C95324D00A53707 /* MJRefreshStateHeader.m in Sources */,
				9B6BCC8E1C95324D00A53707 /* MJRefreshAutoGifFooter.m in Sources */,
				9B963D461C9060F500A39A5F /* DynamicViewController.m in Sources */,
				9B19AF041C91239000056763 /* BaseService.m in Sources */,
				9B6BCCAA1C95326B00A53707 /* FMDatabaseAdditions.m in Sources */,
				9BB704F61C94230A0000DD07 /* UIView+WebCacheOperation.m in Sources */,
				9BB704751C928CBC0000DD07 /* AFHTTPRequestOperationManager.m in Sources */,
				9B6BCC9A1C95324D00A53707 /* UIScrollView+MJRefresh.m in Sources */,
				9B19AF051C91239000056763 /* BaseTabBarViewController.m in Sources */,
				9BB704791C928CBC0000DD07 /* AFURLConnectionOperation.m in Sources */,
				9B6BCC8B1C95324D00A53707 /* MJRefreshComponent.m in Sources */,
				9B6BCC951C95324D00A53707 /* MJRefreshNormalHeader.m in Sources */,
				9BB7048E1C93E0EF0000DD07 /* ContactsHeaderTableViewCell.m in Sources */,
				9BB704E91C94230A0000DD07 /* SDImageCache.m in Sources */,
				9B6BCC891C95324D00A53707 /* MJRefreshAutoFooter.m in Sources */,
				9B19AEF51C911D6300056763 /* NewMassageTableViewCell.m in Sources */,
				9BB704EA1C94230A0000DD07 /* SDWebImageCompat.m in Sources */,
				9BB7045E1C926DDF0000DD07 /* CICQHTTPRequest.m in Sources */,
				9BB704F41C94230A0000DD07 /* UIImageView+HighlightedWebCache.m in Sources */,
				9BB704EF1C94230A0000DD07 /* SDWebImagePrefetcher.m in Sources */,
				9B6BCC9B1C95324D00A53707 /* UIView+MJExtension.m in Sources */,
				9B6BCC981C95324D00A53707 /* MJRefreshConst.m in Sources */,
				9BB704ED1C94230A0000DD07 /* SDWebImageDownloaderOperation.m in Sources */,
				9B6BCC911C95324D00A53707 /* MJRefreshBackGifFooter.m in Sources */,
				9BB704891C93D18C0000DD07 /* ContactsTableViewCell.m in Sources */,
				9B6BCD361C97053F00A53707 /* CICQAuthor.m in Sources */,
				9BB704EC1C94230A0000DD07 /* SDWebImageDownloader.m in Sources */,
				9BB704E81C94230A0000DD07 /* NSData+ImageContentType.m in Sources */,
				9B6BCCAD1C95326B00A53707 /* FMResultSet.m in Sources */,
				9B6BCCAC1C95326B00A53707 /* FMDatabaseQueue.m in Sources */,
				9BB7047A1C928CBC0000DD07 /* AFURLRequestSerialization.m in Sources */,
				9B963D431C9060E300A39A5F /* ContactsViewController.m in Sources */,
				9B6BCC931C95324D00A53707 /* MJRefreshBackStateFooter.m in Sources */,
				9BB704EB1C94230A0000DD07 /* SDWebImageDecoder.m in Sources */,
				9BB704761C928CBC0000DD07 /* AFHTTPSessionManager.m in Sources */,
				9BB704741C928CBC0000DD07 /* AFHTTPRequestOperation.m in Sources */,
				9B6BCC921C95324D00A53707 /* MJRefreshBackNormalFooter.m in Sources */,
				9B6BCC991C95324D00A53707 /* UIScrollView+MJExtension.m in Sources */,
				9BB704F51C94230A0000DD07 /* UIImageView+WebCache.m in Sources */,
				9BB704EE1C94230A0000DD07 /* SDWebImageManager.m in Sources */,
				9B963CEE1C905E2200A39A5F /* AppDelegate.m in Sources */,
				9BB704781C928CBC0000DD07 /* AFSecurityPolicy.m in Sources */,
				9B6BCD371C97053F00A53707 /* CICQCategory.m in Sources */,
				9B19AF0B1C91654800056763 /* NewMassageModel.m in Sources */,
				9BDA03C71C97AF0300C95FB7 /* FirstStartApp.m in Sources */,
				9BB704771C928CBC0000DD07 /* AFNetworkReachabilityManager.m in Sources */,
				9BB704E71C94230A0000DD07 /* MKAnnotationView+WebCache.m in Sources */,
				9B6BCCAB1C95326B00A53707 /* FMDatabasePool.m in Sources */,
				9B6BCC901C95324D00A53707 /* MJRefreshAutoStateFooter.m in Sources */,
				9B6BCC8A1C95324D00A53707 /* MJRefreshBackFooter.m in Sources */,
				9BB7047C1C928CBC0000DD07 /* AFURLSessionManager.m in Sources */,
				9B963D491C90610400A39A5F /* MassagesViewController.m in Sources */,
				9BB704451C91A9110000DD07 /* PhoneTableViewCell.m in Sources */,
				9B6BCC941C95324D00A53707 /* MJRefreshGifHeader.m in Sources */,
				9B6BCD2F1C96AC2D00A53707 /* DBHelp.m in Sources */,
				9BB704F21C94230A0000DD07 /* UIImage+MultiFormat.m in Sources */,
				9B6BCCA91C95326B00A53707 /* FMDatabase.m in Sources */,
				9BB704F31C94230A0000DD07 /* UIImage+WebP.m in Sources */,
				9B6BCC8F1C95324D00A53707 /* MJRefreshAutoNormalFooter.m in Sources */,
				9BB704F01C94230A0000DD07 /* UIButton+WebCache.m in Sources */,
				9B19AF061C91239000056763 /* BaseViewController.m in Sources */,
				9B19AEFD1C91233C00056763 /* ChatMassageService.m in Sources */,
				9B6BCC8D1C95324D00A53707 /* MJRefreshHeader.m in Sources */,
				9BB7047B1C928CBC0000DD07 /* AFURLResponseSerialization.m in Sources */,
				9B963CEB1C905E2200A39A5F /* main.m in Sources */,
				9B6BCD381C97053F00A53707 /* CICQUserGroupModel.m in Sources */,
				9B6BCC8C1C95324D00A53707 /* MJRefreshFooter.m in Sources */,
			);
			runOnlyForDeploymentPostprocessing = 0;
		};
		9B963CFB1C905E2200A39A5F /* Sources */ = {
			isa = PBXSourcesBuildPhase;
			buildActionMask = 2147483647;
			files = (
				9B963D041C905E2200A39A5F /* CICQTests.m in Sources */,
			);
			runOnlyForDeploymentPostprocessing = 0;
		};
		9B963D061C905E2200A39A5F /* Sources */ = {
			isa = PBXSourcesBuildPhase;
			buildActionMask = 2147483647;
			files = (
				9B963D0F1C905E2200A39A5F /* CICQUITests.m in Sources */,
			);
			runOnlyForDeploymentPostprocessing = 0;
		};
/* End PBXSourcesBuildPhase section */

/* Begin PBXTargetDependency section */
		9B963D011C905E2200A39A5F /* PBXTargetDependency */ = {
			isa = PBXTargetDependency;
			target = 9B963CE51C905E2200A39A5F /* CICQ */;
			targetProxy = 9B963D001C905E2200A39A5F /* PBXContainerItemProxy */;
		};
		9B963D0C1C905E2200A39A5F /* PBXTargetDependency */ = {
			isa = PBXTargetDependency;
			target = 9B963CE51C905E2200A39A5F /* CICQ */;
			targetProxy = 9B963D0B1C905E2200A39A5F /* PBXContainerItemProxy */;
		};
/* End PBXTargetDependency section */

/* Begin PBXVariantGroup section */
		9B6BCD291C969F3200A53707 /* Main.storyboard */ = {
			isa = PBXVariantGroup;
			children = (
				9B6BCD2A1C969F3200A53707 /* Base */,
			);
			name = Main.storyboard;
			sourceTree = "<group>";
		};
		9B963CF71C905E2200A39A5F /* LaunchScreen.storyboard */ = {
			isa = PBXVariantGroup;
			children = (
				9B963CF81C905E2200A39A5F /* Base */,
			);
			name = LaunchScreen.storyboard;
			sourceTree = "<group>";
		};
/* End PBXVariantGroup section */

/* Begin XCBuildConfiguration section */
		9B963D111C905E2200A39A5F /* Debug */ = {
			isa = XCBuildConfiguration;
			buildSettings = {
				ALWAYS_SEARCH_USER_PATHS = NO;
				CLANG_CXX_LANGUAGE_STANDARD = "gnu++0x";
				CLANG_CXX_LIBRARY = "libc++";
				CLANG_ENABLE_MODULES = YES;
				CLANG_ENABLE_OBJC_ARC = YES;
				CLANG_WARN_BOOL_CONVERSION = YES;
				CLANG_WARN_CONSTANT_CONVERSION = YES;
				CLANG_WARN_DIRECT_OBJC_ISA_USAGE = YES_ERROR;
				CLANG_WARN_EMPTY_BODY = YES;
				CLANG_WARN_ENUM_CONVERSION = YES;
				CLANG_WARN_INT_CONVERSION = YES;
				CLANG_WARN_OBJC_ROOT_CLASS = YES_ERROR;
				CLANG_WARN_UNREACHABLE_CODE = YES;
				CLANG_WARN__DUPLICATE_METHOD_MATCH = YES;
				"CODE_SIGN_IDENTITY[sdk=iphoneos*]" = "iPhone Developer";
				COPY_PHASE_STRIP = NO;
				DEBUG_INFORMATION_FORMAT = dwarf;
				ENABLE_STRICT_OBJC_MSGSEND = YES;
				ENABLE_TESTABILITY = YES;
				GCC_C_LANGUAGE_STANDARD = gnu99;
				GCC_DYNAMIC_NO_PIC = NO;
				GCC_NO_COMMON_BLOCKS = YES;
				GCC_OPTIMIZATION_LEVEL = 0;
				GCC_PREPROCESSOR_DEFINITIONS = (
					"DEBUG=1",
					"$(inherited)",
				);
				GCC_WARN_64_TO_32_BIT_CONVERSION = YES;
				GCC_WARN_ABOUT_RETURN_TYPE = YES_ERROR;
				GCC_WARN_UNDECLARED_SELECTOR = YES;
				GCC_WARN_UNINITIALIZED_AUTOS = YES_AGGRESSIVE;
				GCC_WARN_UNUSED_FUNCTION = YES;
				GCC_WARN_UNUSED_VARIABLE = YES;
				IPHONEOS_DEPLOYMENT_TARGET = 9.2;
				MTL_ENABLE_DEBUG_INFO = YES;
				ONLY_ACTIVE_ARCH = YES;
				SDKROOT = iphoneos;
			};
			name = Debug;
		};
		9B963D121C905E2200A39A5F /* Release */ = {
			isa = XCBuildConfiguration;
			buildSettings = {
				ALWAYS_SEARCH_USER_PATHS = NO;
				CLANG_CXX_LANGUAGE_STANDARD = "gnu++0x";
				CLANG_CXX_LIBRARY = "libc++";
				CLANG_ENABLE_MODULES = YES;
				CLANG_ENABLE_OBJC_ARC = YES;
				CLANG_WARN_BOOL_CONVERSION = YES;
				CLANG_WARN_CONSTANT_CONVERSION = YES;
				CLANG_WARN_DIRECT_OBJC_ISA_USAGE = YES_ERROR;
				CLANG_WARN_EMPTY_BODY = YES;
				CLANG_WARN_ENUM_CONVERSION = YES;
				CLANG_WARN_INT_CONVERSION = YES;
				CLANG_WARN_OBJC_ROOT_CLASS = YES_ERROR;
				CLANG_WARN_UNREACHABLE_CODE = YES;
				CLANG_WARN__DUPLICATE_METHOD_MATCH = YES;
				"CODE_SIGN_IDENTITY[sdk=iphoneos*]" = "iPhone Developer";
				COPY_PHASE_STRIP = NO;
				DEBUG_INFORMATION_FORMAT = "dwarf-with-dsym";
				ENABLE_NS_ASSERTIONS = NO;
				ENABLE_STRICT_OBJC_MSGSEND = YES;
				GCC_C_LANGUAGE_STANDARD = gnu99;
				GCC_NO_COMMON_BLOCKS = YES;
				GCC_WARN_64_TO_32_BIT_CONVERSION = YES;
				GCC_WARN_ABOUT_RETURN_TYPE = YES_ERROR;
				GCC_WARN_UNDECLARED_SELECTOR = YES;
				GCC_WARN_UNINITIALIZED_AUTOS = YES_AGGRESSIVE;
				GCC_WARN_UNUSED_FUNCTION = YES;
				GCC_WARN_UNUSED_VARIABLE = YES;
				IPHONEOS_DEPLOYMENT_TARGET = 9.2;
				MTL_ENABLE_DEBUG_INFO = NO;
				SDKROOT = iphoneos;
				VALIDATE_PRODUCT = YES;
			};
			name = Release;
		};
		9B963D141C905E2200A39A5F /* Debug */ = {
			isa = XCBuildConfiguration;
			buildSettings = {
				ASSETCATALOG_COMPILER_APPICON_NAME = AppIcon;
				INFOPLIST_FILE = CICQ/Info.plist;
				LD_RUNPATH_SEARCH_PATHS = "$(inherited) @executable_path/Frameworks";
				PRODUCT_BUNDLE_IDENTIFIER = com.darren.CICQ;
				PRODUCT_NAME = "$(TARGET_NAME)";
			};
			name = Debug;
		};
		9B963D151C905E2200A39A5F /* Release */ = {
			isa = XCBuildConfiguration;
			buildSettings = {
				ASSETCATALOG_COMPILER_APPICON_NAME = AppIcon;
				INFOPLIST_FILE = CICQ/Info.plist;
				LD_RUNPATH_SEARCH_PATHS = "$(inherited) @executable_path/Frameworks";
				PRODUCT_BUNDLE_IDENTIFIER = com.darren.CICQ;
				PRODUCT_NAME = "$(TARGET_NAME)";
			};
			name = Release;
		};
		9B963D171C905E2200A39A5F /* Debug */ = {
			isa = XCBuildConfiguration;
			buildSettings = {
				BUNDLE_LOADER = "$(TEST_HOST)";
				INFOPLIST_FILE = CICQTests/Info.plist;
				LD_RUNPATH_SEARCH_PATHS = "$(inherited) @executable_path/Frameworks @loader_path/Frameworks";
				PRODUCT_BUNDLE_IDENTIFIER = com.darren.CICQTests;
				PRODUCT_NAME = "$(TARGET_NAME)";
				TEST_HOST = "$(BUILT_PRODUCTS_DIR)/CICQ.app/CICQ";
			};
			name = Debug;
		};
		9B963D181C905E2200A39A5F /* Release */ = {
			isa = XCBuildConfiguration;
			buildSettings = {
				BUNDLE_LOADER = "$(TEST_HOST)";
				INFOPLIST_FILE = CICQTests/Info.plist;
				LD_RUNPATH_SEARCH_PATHS = "$(inherited) @executable_path/Frameworks @loader_path/Frameworks";
				PRODUCT_BUNDLE_IDENTIFIER = com.darren.CICQTests;
				PRODUCT_NAME = "$(TARGET_NAME)";
				TEST_HOST = "$(BUILT_PRODUCTS_DIR)/CICQ.app/CICQ";
			};
			name = Release;
		};
		9B963D1A1C905E2200A39A5F /* Debug */ = {
			isa = XCBuildConfiguration;
			buildSettings = {
				INFOPLIST_FILE = CICQUITests/Info.plist;
				LD_RUNPATH_SEARCH_PATHS = "$(inherited) @executable_path/Frameworks @loader_path/Frameworks";
				PRODUCT_BUNDLE_IDENTIFIER = com.darren.CICQUITests;
				PRODUCT_NAME = "$(TARGET_NAME)";
				TEST_TARGET_NAME = CICQ;
				USES_XCTRUNNER = YES;
			};
			name = Debug;
		};
		9B963D1B1C905E2200A39A5F /* Release */ = {
			isa = XCBuildConfiguration;
			buildSettings = {
				INFOPLIST_FILE = CICQUITests/Info.plist;
				LD_RUNPATH_SEARCH_PATHS = "$(inherited) @executable_path/Frameworks @loader_path/Frameworks";
				PRODUCT_BUNDLE_IDENTIFIER = com.darren.CICQUITests;
				PRODUCT_NAME = "$(TARGET_NAME)";
				TEST_TARGET_NAME = CICQ;
				USES_XCTRUNNER = YES;
			};
			name = Release;
		};
/* End XCBuildConfiguration section */

/* Begin XCConfigurationList section */
		9B963CE11C905E2100A39A5F /* Build configuration list for PBXProject "CICQ" */ = {
			isa = XCConfigurationList;
			buildConfigurations = (
				9B963D111C905E2200A39A5F /* Debug */,
				9B963D121C905E2200A39A5F /* Release */,
			);
			defaultConfigurationIsVisible = 0;
			defaultConfigurationName = Release;
		};
		9B963D131C905E2200A39A5F /* Build configuration list for PBXNativeTarget "CICQ" */ = {
			isa = XCConfigurationList;
			buildConfigurations = (
				9B963D141C905E2200A39A5F /* Debug */,
				9B963D151C905E2200A39A5F /* Release */,
			);
			defaultConfigurationIsVisible = 0;
			defaultConfigurationName = Release;
		};
		9B963D161C905E2200A39A5F /* Build configuration list for PBXNativeTarget "CICQTests" */ = {
			isa = XCConfigurationList;
			buildConfigurations = (
				9B963D171C905E2200A39A5F /* Debug */,
				9B963D181C905E2200A39A5F /* Release */,
			);
			defaultConfigurationIsVisible = 0;
			defaultConfigurationName = Release;
		};
		9B963D191C905E2200A39A5F /* Build configuration list for PBXNativeTarget "CICQUITests" */ = {
			isa = XCConfigurationList;
			buildConfigurations = (
				9B963D1A1C905E2200A39A5F /* Debug */,
				9B963D1B1C905E2200A39A5F /* Release */,
			);
			defaultConfigurationIsVisible = 0;
			defaultConfigurationName = Release;
		};
/* End XCConfigurationList section */
	};
	rootObject = 9B963CDE1C905E2100A39A5F /* Project object */;
}
